// !$*UTF8*$!
{
	archiveVersion = 1;
	classes = {
	};
	objectVersion = 46;
	objects = {

/* Begin PBXBuildFile section */
		4E60796A2FDF568C15E0CF65 /* libPods.a in Frameworks */ = {isa = PBXBuildFile; fileRef = 698CAD8D24DD575D87656063 /* libPods.a */; };
		83D7BE951C969A1C00E00955 /* main.m in Sources */ = {isa = PBXBuildFile; fileRef = 83D7BE941C969A1C00E00955 /* main.m */; };
		83D7BE981C969A1C00E00955 /* AppDelegate.m in Sources */ = {isa = PBXBuildFile; fileRef = 83D7BE971C969A1C00E00955 /* AppDelegate.m */; };
		83D7BE9B1C969A1C00E00955 /* ViewController.m in Sources */ = {isa = PBXBuildFile; fileRef = 83D7BE9A1C969A1C00E00955 /* ViewController.m */; };
		83D7BE9E1C969A1C00E00955 /* Main.storyboard in Resources */ = {isa = PBXBuildFile; fileRef = 83D7BE9C1C969A1C00E00955 /* Main.storyboard */; };
		83D7BEA01C969A1C00E00955 /* Assets.xcassets in Resources */ = {isa = PBXBuildFile; fileRef = 83D7BE9F1C969A1C00E00955 /* Assets.xcassets */; };
		83D7BEA31C969A1C00E00955 /* LaunchScreen.storyboard in Resources */ = {isa = PBXBuildFile; fileRef = 83D7BEA11C969A1C00E00955 /* LaunchScreen.storyboard */; };
		83D7BEAE1C969A1D00E00955 /* TYDemoTests.m in Sources */ = {isa = PBXBuildFile; fileRef = 83D7BEAD1C969A1D00E00955 /* TYDemoTests.m */; };
		83D7BEB91C969A1D00E00955 /* TYDemoUITests.m in Sources */ = {isa = PBXBuildFile; fileRef = 83D7BEB81C969A1D00E00955 /* TYDemoUITests.m */; };
		83D7BEEE1C96A5E600E00955 /* UIView+ShortCut.m in Sources */ = {isa = PBXBuildFile; fileRef = 83D7BEED1C96A5E600E00955 /* UIView+ShortCut.m */; };
		83D7BEF91C97FFFE00E00955 /* weiboManage.m in Sources */ = {isa = PBXBuildFile; fileRef = 83D7BEF81C97FFFE00E00955 /* weiboManage.m */; };
/* End PBXBuildFile section */

/* Begin PBXContainerItemProxy section */
		83D7BEAA1C969A1D00E00955 /* PBXContainerItemProxy */ = {
			isa = PBXContainerItemProxy;
			containerPortal = 83D7BE881C969A1C00E00955 /* Project object */;
			proxyType = 1;
			remoteGlobalIDString = 83D7BE8F1C969A1C00E00955;
			remoteInfo = TYDemo;
		};
		83D7BEB51C969A1D00E00955 /* PBXContainerItemProxy */ = {
			isa = PBXContainerItemProxy;
			containerPortal = 83D7BE881C969A1C00E00955 /* Project object */;
			proxyType = 1;
			remoteGlobalIDString = 83D7BE8F1C969A1C00E00955;
			remoteInfo = TYDemo;
		};
/* End PBXContainerItemProxy section */

/* Begin PBXFileReference section */
		698CAD8D24DD575D87656063 /* libPods.a */ = {isa = PBXFileReference; explicitFileType = archive.ar; includeInIndex = 0; path = libPods.a; sourceTree = BUILT_PRODUCTS_DIR; };
		83D7BE901C969A1C00E00955 /* TYDemo.app */ = {isa = PBXFileReference; explicitFileType = wrapper.application; includeInIndex = 0; path = TYDemo.app; sourceTree = BUILT_PRODUCTS_DIR; };
		83D7BE941C969A1C00E00955 /* main.m */ = {isa = PBXFileReference; lastKnownFileType = sourcecode.c.objc; path = main.m; sourceTree = "<group>"; };
		83D7BE961C969A1C00E00955 /* AppDelegate.h */ = {isa = PBXFileReference; lastKnownFileType = sourcecode.c.h; path = AppDelegate.h; sourceTree = "<group>"; };
		83D7BE971C969A1C00E00955 /* AppDelegate.m */ = {isa = PBXFileReference; lastKnownFileType = sourcecode.c.objc; path = AppDelegate.m; sourceTree = "<group>"; };
		83D7BE991C969A1C00E00955 /* ViewController.h */ = {isa = PBXFileReference; lastKnownFileType = sourcecode.c.h; path = ViewController.h; sourceTree = "<group>"; };
		83D7BE9A1C969A1C00E00955 /* ViewController.m */ = {isa = PBXFileReference; lastKnownFileType = sourcecode.c.objc; path = ViewController.m; sourceTree = "<group>"; };
		83D7BE9D1C969A1C00E00955 /* Base */ = {isa = PBXFileReference; lastKnownFileType = file.storyboard; name = Base; path = Base.lproj/Main.storyboard; sourceTree = "<group>"; };
		83D7BE9F1C969A1C00E00955 /* Assets.xcassets */ = {isa = PBXFileReference; lastKnownFileType = folder.assetcatalog; path = Assets.xcassets; sourceTree = "<group>"; };
		83D7BEA21C969A1C00E00955 /* Base */ = {isa = PBXFileReference; lastKnownFileType = file.storyboard; name = Base; path = Base.lproj/LaunchScreen.storyboard; sourceTree = "<group>"; };
		83D7BEA41C969A1C00E00955 /* Info.plist */ = {isa = PBXFileReference; lastKnownFileType = text.plist.xml; path = Info.plist; sourceTree = "<group>"; };
		83D7BEA91C969A1D00E00955 /* TYDemoTests.xctest */ = {isa = PBXFileReference; explicitFileType = wrapper.cfbundle; includeInIndex = 0; path = TYDemoTests.xctest; sourceTree = BUILT_PRODUCTS_DIR; };
		83D7BEAD1C969A1D00E00955 /* TYDemoTests.m */ = {isa = PBXFileReference; lastKnownFileType = sourcecode.c.objc; path = TYDemoTests.m; sourceTree = "<group>"; };
		83D7BEAF1C969A1D00E00955 /* Info.plist */ = {isa = PBXFileReference; lastKnownFileType = text.plist.xml; path = Info.plist; sourceTree = "<group>"; };
		83D7BEB41C969A1D00E00955 /* TYDemoUITests.xctest */ = {isa = PBXFileReference; explicitFileType = wrapper.cfbundle; includeInIndex = 0; path = TYDemoUITests.xctest; sourceTree = BUILT_PRODUCTS_DIR; };
		83D7BEB81C969A1D00E00955 /* TYDemoUITests.m */ = {isa = PBXFileReference; lastKnownFileType = sourcecode.c.objc; path = TYDemoUITests.m; sourceTree = "<group>"; };
		83D7BEBA1C969A1D00E00955 /* Info.plist */ = {isa = PBXFileReference; lastKnownFileType = text.plist.xml; path = Info.plist; sourceTree = "<group>"; };
		83D7BEEC1C96A5E600E00955 /* UIView+ShortCut.h */ = {isa = PBXFileReference; fileEncoding = 4; lastKnownFileType = sourcecode.c.h; path = "UIView+ShortCut.h"; sourceTree = "<group>"; };
		83D7BEED1C96A5E600E00955 /* UIView+ShortCut.m */ = {isa = PBXFileReference; fileEncoding = 4; lastKnownFileType = sourcecode.c.objc; path = "UIView+ShortCut.m"; sourceTree = "<group>"; };
		83D7BEF71C97FFFD00E00955 /* weiboManage.h */ = {isa = PBXFileReference; fileEncoding = 4; lastKnownFileType = sourcecode.c.h; path = weiboManage.h; sourceTree = "<group>"; };
		83D7BEF81C97FFFE00E00955 /* weiboManage.m */ = {isa = PBXFileReference; fileEncoding = 4; lastKnownFileType = sourcecode.c.objc; path = weiboManage.m; sourceTree = "<group>"; };
		83D7BEFA1C98045D00E00955 /* WeiboSDKDemo.pch */ = {isa = PBXFileReference; lastKnownFileType = sourcecode.c.h; path = WeiboSDKDemo.pch; sourceTree = "<group>"; };
		AD2C4EBC9F8746EFD1DC3E3B /* Pods.release.xcconfig */ = {isa = PBXFileReference; includeInIndex = 1; lastKnownFileType = text.xcconfig; name = Pods.release.xcconfig; path = "Pods/Target Support Files/Pods/Pods.release.xcconfig"; sourceTree = "<group>"; };
		BF298E2907F9C359C7B60518 /* Pods.debug.xcconfig */ = {isa = PBXFileReference; includeInIndex = 1; lastKnownFileType = text.xcconfig; name = Pods.debug.xcconfig; path = "Pods/Target Support Files/Pods/Pods.debug.xcconfig"; sourceTree = "<group>"; };
/* End PBXFileReference section */

/* Begin PBXFrameworksBuildPhase section */
		83D7BE8D1C969A1C00E00955 /* Frameworks */ = {
			isa = PBXFrameworksBuildPhase;
			buildActionMask = 2147483647;
			files = (
				4E60796A2FDF568C15E0CF65 /* libPods.a in Frameworks */,
			);
			runOnlyForDeploymentPostprocessing = 0;
		};
		83D7BEA61C969A1D00E00955 /* Frameworks */ = {
			isa = PBXFrameworksBuildPhase;
			buildActionMask = 2147483647;
			files = (
			);
			runOnlyForDeploymentPostprocessing = 0;
		};
		83D7BEB11C969A1D00E00955 /* Frameworks */ = {
			isa = PBXFrameworksBuildPhase;
			buildActionMask = 2147483647;
			files = (
			);
			runOnlyForDeploymentPostprocessing = 0;
		};
/* End PBXFrameworksBuildPhase section */

/* Begin PBXGroup section */
		83D7BE871C969A1C00E00955 = {
			isa = PBXGroup;
			children = (
				83D7BE921C969A1C00E00955 /* TYDemo */,
				83D7BEAC1C969A1D00E00955 /* TYDemoTests */,
				83D7BEB71C969A1D00E00955 /* TYDemoUITests */,
				83D7BE911C969A1C00E00955 /* Products */,
				BDDB80BA73931418DBA1FD9A /* Pods */,
				F5A8466AAE05B5ADB8B54CC3 /* Frameworks */,
			);
			sourceTree = "<group>";
		};
		83D7BE911C969A1C00E00955 /* Products */ = {
			isa = PBXGroup;
			children = (
				83D7BE901C969A1C00E00955 /* TYDemo.app */,
				83D7BEA91C969A1D00E00955 /* TYDemoTests.xctest */,
				83D7BEB41C969A1D00E00955 /* TYDemoUITests.xctest */,
			);
			name = Products;
			sourceTree = "<group>";
		};
		83D7BE921C969A1C00E00955 /* TYDemo */ = {
			isa = PBXGroup;
			children = (
				83D7BE961C969A1C00E00955 /* AppDelegate.h */,
				83D7BE971C969A1C00E00955 /* AppDelegate.m */,
				83D7BEEF1C97E08000E00955 /* weiboManage */,
				83D7BEEC1C96A5E600E00955 /* UIView+ShortCut.h */,
				83D7BEED1C96A5E600E00955 /* UIView+ShortCut.m */,
				83D7BE991C969A1C00E00955 /* ViewController.h */,
				83D7BE9A1C969A1C00E00955 /* ViewController.m */,
				83D7BE9C1C969A1C00E00955 /* Main.storyboard */,
				83D7BE9F1C969A1C00E00955 /* Assets.xcassets */,
				83D7BEA11C969A1C00E00955 /* LaunchScreen.storyboard */,
				83D7BEA41C969A1C00E00955 /* Info.plist */,
				83D7BE931C969A1C00E00955 /* Supporting Files */,
			);
			path = TYDemo;
			sourceTree = "<group>";
		};
		83D7BE931C969A1C00E00955 /* Supporting Files */ = {
			isa = PBXGroup;
			children = (
				83D7BE941C969A1C00E00955 /* main.m */,
				83D7BEFA1C98045D00E00955 /* WeiboSDKDemo.pch */,
			);
			name = "Supporting Files";
			sourceTree = "<group>";
		};
		83D7BEAC1C969A1D00E00955 /* TYDemoTests */ = {
			isa = PBXGroup;
			children = (
				83D7BEAD1C969A1D00E00955 /* TYDemoTests.m */,
				83D7BEAF1C969A1D00E00955 /* Info.plist */,
			);
			path = TYDemoTests;
			sourceTree = "<group>";
		};
		83D7BEB71C969A1D00E00955 /* TYDemoUITests */ = {
			isa = PBXGroup;
			children = (
				83D7BEB81C969A1D00E00955 /* TYDemoUITests.m */,
				83D7BEBA1C969A1D00E00955 /* Info.plist */,
			);
			path = TYDemoUITests;
			sourceTree = "<group>";
		};
		83D7BEEF1C97E08000E00955 /* weiboManage */ = {
			isa = PBXGroup;
			children = (
				83D7BEF71C97FFFD00E00955 /* weiboManage.h */,
				83D7BEF81C97FFFE00E00955 /* weiboManage.m */,
			);
			path = weiboManage;
			sourceTree = "<group>";
		};
		BDDB80BA73931418DBA1FD9A /* Pods */ = {
			isa = PBXGroup;
			children = (
				BF298E2907F9C359C7B60518 /* Pods.debug.xcconfig */,
				AD2C4EBC9F8746EFD1DC3E3B /* Pods.release.xcconfig */,
			);
			name = Pods;
			sourceTree = "<group>";
		};
		F5A8466AAE05B5ADB8B54CC3 /* Frameworks */ = {
			isa = PBXGroup;
			children = (
				698CAD8D24DD575D87656063 /* libPods.a */,
			);
			name = Frameworks;
			sourceTree = "<group>";
		};
/* End PBXGroup section */

/* Begin PBXNativeTarget section */
		83D7BE8F1C969A1C00E00955 /* TYDemo */ = {
			isa = PBXNativeTarget;
			buildConfigurationList = 83D7BEBD1C969A1D00E00955 /* Build configuration list for PBXNativeTarget "TYDemo" */;
			buildPhases = (
				EAB1D02C58D6C789E0E8CD42 /* Check Pods Manifest.lock */,
				83D7BE8C1C969A1C00E00955 /* Sources */,
				83D7BE8D1C969A1C00E00955 /* Frameworks */,
				83D7BE8E1C969A1C00E00955 /* Resources */,
				4102A0E7A71F4897642686EB /* Embed Pods Frameworks */,
				0CF03EE105AB9B38EED2C86A /* Copy Pods Resources */,
			);
			buildRules = (
			);
			dependencies = (
			);
			name = TYDemo;
			productName = TYDemo;
			productReference = 83D7BE901C969A1C00E00955 /* TYDemo.app */;
			productType = "com.apple.product-type.application";
		};
		83D7BEA81C969A1D00E00955 /* TYDemoTests */ = {
			isa = PBXNativeTarget;
			buildConfigurationList = 83D7BEC01C969A1D00E00955 /* Build configuration list for PBXNativeTarget "TYDemoTests" */;
			buildPhases = (
				83D7BEA51C969A1D00E00955 /* Sources */,
				83D7BEA61C969A1D00E00955 /* Frameworks */,
				83D7BEA71C969A1D00E00955 /* Resources */,
			);
			buildRules = (
			);
			dependencies = (
				83D7BEAB1C969A1D00E00955 /* PBXTargetDependency */,
			);
			name = TYDemoTests;
			productName = TYDemoTests;
			productReference = 83D7BEA91C969A1D00E00955 /* TYDemoTests.xctest */;
			productType = "com.apple.product-type.bundle.unit-test";
		};
		83D7BEB31C969A1D00E00955 /* TYDemoUITests */ = {
			isa = PBXNativeTarget;
			buildConfigurationList = 83D7BEC31C969A1D00E00955 /* Build configuration list for PBXNativeTarget "TYDemoUITests" */;
			buildPhases = (
				83D7BEB01C969A1D00E00955 /* Sources */,
				83D7BEB11C969A1D00E00955 /* Frameworks */,
				83D7BEB21C969A1D00E00955 /* Resources */,
			);
			buildRules = (
			);
			dependencies = (
				83D7BEB61C969A1D00E00955 /* PBXTargetDependency */,
			);
			name = TYDemoUITests;
			productName = TYDemoUITests;
			productReference = 83D7BEB41C969A1D00E00955 /* TYDemoUITests.xctest */;
			productType = "com.apple.product-type.bundle.ui-testing";
		};
/* End PBXNativeTarget section */

/* Begin PBXProject section */
		83D7BE881C969A1C00E00955 /* Project object */ = {
			isa = PBXProject;
			attributes = {
				LastUpgradeCheck = 0720;
				ORGANIZATIONNAME = TH;
				TargetAttributes = {
					83D7BE8F1C969A1C00E00955 = {
						CreatedOnToolsVersion = 7.2;
					};
					83D7BEA81C969A1D00E00955 = {
						CreatedOnToolsVersion = 7.2;
						TestTargetID = 83D7BE8F1C969A1C00E00955;
					};
					83D7BEB31C969A1D00E00955 = {
						CreatedOnToolsVersion = 7.2;
						TestTargetID = 83D7BE8F1C969A1C00E00955;
					};
				};
			};
			buildConfigurationList = 83D7BE8B1C969A1C00E00955 /* Build configuration list for PBXProject "TYDemo" */;
			compatibilityVersion = "Xcode 3.2";
			developmentRegion = English;
			hasScannedForEncodings = 0;
			knownRegions = (
				en,
				Base,
			);
			mainGroup = 83D7BE871C969A1C00E00955;
			productRefGroup = 83D7BE911C969A1C00E00955 /* Products */;
			projectDirPath = "";
			projectRoot = "";
			targets = (
				83D7BE8F1C969A1C00E00955 /* TYDemo */,
				83D7BEA81C969A1D00E00955 /* TYDemoTests */,
				83D7BEB31C969A1D00E00955 /* TYDemoUITests */,
			);
		};
/* End PBXProject section */

/* Begin PBXResourcesBuildPhase section */
		83D7BE8E1C969A1C00E00955 /* Resources */ = {
			isa = PBXResourcesBuildPhase;
			buildActionMask = 2147483647;
			files = (
				83D7BEA31C969A1C00E00955 /* LaunchScreen.storyboard in Resources */,
				83D7BEA01C969A1C00E00955 /* Assets.xcassets in Resources */,
				83D7BE9E1C969A1C00E00955 /* Main.storyboard in Resources */,
			);
			runOnlyForDeploymentPostprocessing = 0;
		};
		83D7BEA71C969A1D00E00955 /* Resources */ = {
			isa = PBXResourcesBuildPhase;
			buildActionMask = 2147483647;
			files = (
			);
			runOnlyForDeploymentPostprocessing = 0;
		};
		83D7BEB21C969A1D00E00955 /* Resources */ = {
			isa = PBXResourcesBuildPhase;
			buildActionMask = 2147483647;
			files = (
			);
			runOnlyForDeploymentPostprocessing = 0;
		};
/* End PBXResourcesBuildPhase section */

/* Begin PBXShellScriptBuildPhase section */
		0CF03EE105AB9B38EED2C86A /* Copy Pods Resources */ = {
			isa = PBXShellScriptBuildPhase;
			buildActionMask = 2147483647;
			files = (
			);
			inputPaths = (
			);
			name = "Copy Pods Resources";
			outputPaths = (
			);
			runOnlyForDeploymentPostprocessing = 0;
			shellPath = /bin/sh;
			shellScript = "\"${SRCROOT}/Pods/Target Support Files/Pods/Pods-resources.sh\"\n";
			showEnvVarsInLog = 0;
		};
		4102A0E7A71F4897642686EB /* Embed Pods Frameworks */ = {
			isa = PBXShellScriptBuildPhase;
			buildActionMask = 2147483647;
			files = (
			);
			inputPaths = (
			);
			name = "Embed Pods Frameworks";
			outputPaths = (
			);
			runOnlyForDeploymentPostprocessing = 0;
			shellPath = /bin/sh;
			shellScript = "\"${SRCROOT}/Pods/Target Support Files/Pods/Pods-frameworks.sh\"\n";
			showEnvVarsInLog = 0;
		};
		EAB1D02C58D6C789E0E8CD42 /* Check Pods Manifest.lock */ = {
			isa = PBXShellScriptBuildPhase;
			buildActionMask = 2147483647;
			files = (
			);
			inputPaths = (
			);
			name = "Check Pods Manifest.lock";
			outputPaths = (
			);
			runOnlyForDeploymentPostprocessing = 0;
			shellPath = /bin/sh;
			shellScript = "diff \"${PODS_ROOT}/../Podfile.lock\" \"${PODS_ROOT}/Manifest.lock\" > /dev/null\nif [[ $? != 0 ]] ; then\n    cat << EOM\nerror: The sandbox is not in sync with the Podfile.lock. Run 'pod install' or update your CocoaPods installation.\nEOM\n    exit 1\nfi\n";
			showEnvVarsInLog = 0;
		};
/* End PBXShellScriptBuildPhase section */

/* Begin PBXSourcesBuildPhase section */
		83D7BE8C1C969A1C00E00955 /* Sources */ = {
			isa = PBXSourcesBuildPhase;
			buildActionMask = 2147483647;
			files = (
				83D7BEEE1C96A5E600E00955 /* UIView+ShortCut.m in Sources */,
				83D7BE9B1C969A1C00E00955 /* ViewController.m in Sources */,
				83D7BE981C969A1C00E00955 /* AppDelegate.m in Sources */,
				83D7BE951C969A1C00E00955 /* main.m in Sources */,
				83D7BEF91C97FFFE00E00955 /* weiboManage.m in Sources */,
			);
			runOnlyForDeploymentPostprocessing = 0;
		};
		83D7BEA51C969A1D00E00955 /* Sources */ = {
			isa = PBXSourcesBuildPhase;
			buildActionMask = 2147483647;
			files = (
				83D7BEAE1C969A1D00E00955 /* TYDemoTests.m in Sources */,
			);
			runOnlyForDeploymentPostprocessing = 0;
		};
		83D7BEB01C969A1D00E00955 /* Sources */ = {
			isa = PBXSourcesBuildPhase;
			buildActionMask = 2147483647;
			files = (
				83D7BEB91C969A1D00E00955 /* TYDemoUITests.m in Sources */,
			);
			runOnlyForDeploymentPostprocessing = 0;
		};
/* End PBXSourcesBuildPhase section */

/* Begin PBXTargetDependency section */
		83D7BEAB1C969A1D00E00955 /* PBXTargetDependency */ = {
			isa = PBXTargetDependency;
			target = 83D7BE8F1C969A1C00E00955 /* TYDemo */;
			targetProxy = 83D7BEAA1C969A1D00E00955 /* PBXContainerItemProxy */;
		};
		83D7BEB61C969A1D00E00955 /* PBXTargetDependency */ = {
			isa = PBXTargetDependency;
			target = 83D7BE8F1C969A1C00E00955 /* TYDemo */;
			targetProxy = 83D7BEB51C969A1D00E00955 /* PBXContainerItemProxy */;
		};
/* End PBXTargetDependency section */

/* Begin PBXVariantGroup section */
		83D7BE9C1C969A1C00E00955 /* Main.storyboard */ = {
			isa = PBXVariantGroup;
			children = (
				83D7BE9D1C969A1C00E00955 /* Base */,
			);
			name = Main.storyboard;
			sourceTree = "<group>";
		};
		83D7BEA11C969A1C00E00955 /* LaunchScreen.storyboard */ = {
			isa = PBXVariantGroup;
			children = (
				83D7BEA21C969A1C00E00955 /* Base */,
			);
			name = LaunchScreen.storyboard;
			sourceTree = "<group>";
		};
/* End PBXVariantGroup section */

/* Begin XCBuildConfiguration section */
		83D7BEBB1C969A1D00E00955 /* Debug */ = {
			isa = XCBuildConfiguration;
			buildSettings = {
				ALWAYS_SEARCH_USER_PATHS = NO;
				CLANG_CXX_LANGUAGE_STANDARD = "gnu++0x";
				CLANG_CXX_LIBRARY = "libc++";
				CLANG_ENABLE_MODULES = YES;
				CLANG_ENABLE_OBJC_ARC = YES;
				CLANG_WARN_BOOL_CONVERSION = YES;
				CLANG_WARN_CONSTANT_CONVERSION = YES;
				CLANG_WARN_DIRECT_OBJC_ISA_USAGE = YES_ERROR;
				CLANG_WARN_EMPTY_BODY = YES;
				CLANG_WARN_ENUM_CONVERSION = YES;
				CLANG_WARN_INT_CONVERSION = YES;
				CLANG_WARN_OBJC_ROOT_CLASS = YES_ERROR;
				CLANG_WARN_UNREACHABLE_CODE = YES;
				CLANG_WARN__DUPLICATE_METHOD_MATCH = YES;
				"CODE_SIGN_IDENTITY[sdk=iphoneos*]" = "iPhone Developer";
				COPY_PHASE_STRIP = NO;
				DEBUG_INFORMATION_FORMAT = dwarf;
				ENABLE_STRICT_OBJC_MSGSEND = YES;
				ENABLE_TESTABILITY = YES;
				GCC_C_LANGUAGE_STANDARD = gnu99;
				GCC_DYNAMIC_NO_PIC = NO;
				GCC_NO_COMMON_BLOCKS = YES;
				GCC_OPTIMIZATION_LEVEL = 0;
				GCC_PREPROCESSOR_DEFINITIONS = (
					"DEBUG=1",
					"$(inherited)",
				);
				GCC_WARN_64_TO_32_BIT_CONVERSION = YES;
				GCC_WARN_ABOUT_RETURN_TYPE = YES_ERROR;
				GCC_WARN_UNDECLARED_SELECTOR = YES;
				GCC_WARN_UNINITIALIZED_AUTOS = YES_AGGRESSIVE;
				GCC_WARN_UNUSED_FUNCTION = YES;
				GCC_WARN_UNUSED_VARIABLE = YES;
				IPHONEOS_DEPLOYMENT_TARGET = 9.2;
				MTL_ENABLE_DEBUG_INFO = YES;
				ONLY_ACTIVE_ARCH = YES;
				SDKROOT = iphoneos;
			};
			name = Debug;
		};
		83D7BEBC1C969A1D00E00955 /* Release */ = {
			isa = XCBuildConfiguration;
			buildSettings = {
				ALWAYS_SEARCH_USER_PATHS = NO;
				CLANG_CXX_LANGUAGE_STANDARD = "gnu++0x";
				CLANG_CXX_LIBRARY = "libc++";
				CLANG_ENABLE_MODULES = YES;
				CLANG_ENABLE_OBJC_ARC = YES;
				CLANG_WARN_BOOL_CONVERSION = YES;
				CLANG_WARN_CONSTANT_CONVERSION = YES;
				CLANG_WARN_DIRECT_OBJC_ISA_USAGE = YES_ERROR;
				CLANG_WARN_EMPTY_BODY = YES;
				CLANG_WARN_ENUM_CONVERSION = YES;
				CLANG_WARN_INT_CONVERSION = YES;
				CLANG_WARN_OBJC_ROOT_CLASS = YES_ERROR;
				CLANG_WARN_UNREACHABLE_CODE = YES;
				CLANG_WARN__DUPLICATE_METHOD_MATCH = YES;
				"CODE_SIGN_IDENTITY[sdk=iphoneos*]" = "iPhone Developer";
				COPY_PHASE_STRIP = NO;
				DEBUG_INFORMATION_FORMAT = "dwarf-with-dsym";
				ENABLE_NS_ASSERTIONS = NO;
				ENABLE_STRICT_OBJC_MSGSEND = YES;
				GCC_C_LANGUAGE_STANDARD = gnu99;
				GCC_NO_COMMON_BLOCKS = YES;
				GCC_WARN_64_TO_32_BIT_CONVERSION = YES;
				GCC_WARN_ABOUT_RETURN_TYPE = YES_ERROR;
				GCC_WARN_UNDECLARED_SELECTOR = YES;
				GCC_WARN_UNINITIALIZED_AUTOS = YES_AGGRESSIVE;
				GCC_WARN_UNUSED_FUNCTION = YES;
				GCC_WARN_UNUSED_VARIABLE = YES;
				IPHONEOS_DEPLOYMENT_TARGET = 9.2;
				MTL_ENABLE_DEBUG_INFO = NO;
				SDKROOT = iphoneos;
				VALIDATE_PRODUCT = YES;
			};
			name = Release;
		};
		83D7BEBE1C969A1D00E00955 /* Debug */ = {
			isa = XCBuildConfiguration;
			baseConfigurationReference = BF298E2907F9C359C7B60518 /* Pods.debug.xcconfig */;
			buildSettings = {
				ASSETCATALOG_COMPILER_APPICON_NAME = AppIcon;
				GCC_PREFIX_HEADER = TYDemo/WeiboSDKDemo.pch;
				INFOPLIST_FILE = TYDemo/Info.plist;
				LD_RUNPATH_SEARCH_PATHS = "$(inherited) @executable_path/Frameworks";
				PRODUCT_BUNDLE_IDENTIFIER = com.zowee.TYDemo;
				PRODUCT_NAME = "$(TARGET_NAME)";
			};
			name = Debug;
		};
		83D7BEBF1C969A1D00E00955 /* Release */ = {
			isa = XCBuildConfiguration;
			baseConfigurationReference = AD2C4EBC9F8746EFD1DC3E3B /* Pods.release.xcconfig */;
			buildSettings = {
				ASSETCATALOG_COMPILER_APPICON_NAME = AppIcon;
				GCC_PREFIX_HEADER = TYDemo/WeiboSDKDemo.pch;
				INFOPLIST_FILE = TYDemo/Info.plist;
				LD_RUNPATH_SEARCH_PATHS = "$(inherited) @executable_path/Frameworks";
				PRODUCT_BUNDLE_IDENTIFIER = com.zowee.TYDemo;
				PRODUCT_NAME = "$(TARGET_NAME)";
			};
			name = Release;
		};
		83D7BEC11C969A1D00E00955 /* Debug */ = {
			isa = XCBuildConfiguration;
			buildSettings = {
				BUNDLE_LOADER = "$(TEST_HOST)";
				INFOPLIST_FILE = TYDemoTests/Info.plist;
				LD_RUNPATH_SEARCH_PATHS = "$(inherited) @executable_path/Frameworks @loader_path/Frameworks";
				PRODUCT_BUNDLE_IDENTIFIER = com.zowee.TYDemoTests;
				PRODUCT_NAME = "$(TARGET_NAME)";
				TEST_HOST = "$(BUILT_PRODUCTS_DIR)/TYDemo.app/TYDemo";
			};
			name = Debug;
		};
		83D7BEC21C969A1D00E00955 /* Release */ = {
			isa = XCBuildConfiguration;
			buildSettings = {
				BUNDLE_LOADER = "$(TEST_HOST)";
				INFOPLIST_FILE = TYDemoTests/Info.plist;
				LD_RUNPATH_SEARCH_PATHS = "$(inherited) @executable_path/Frameworks @loader_path/Frameworks";
				PRODUCT_BUNDLE_IDENTIFIER = com.zowee.TYDemoTests;
				PRODUCT_NAME = "$(TARGET_NAME)";
				TEST_HOST = "$(BUILT_PRODUCTS_DIR)/TYDemo.app/TYDemo";
			};
			name = Release;
		};
		83D7BEC41C969A1D00E00955 /* Debug */ = {
			isa = XCBuildConfiguration;
			buildSettings = {
				INFOPLIST_FILE = TYDemoUITests/Info.plist;
				LD_RUNPATH_SEARCH_PATHS = "$(inherited) @executable_path/Frameworks @loader_path/Frameworks";
				PRODUCT_BUNDLE_IDENTIFIER = com.zowee.TYDemoUITests;
				PRODUCT_NAME = "$(TARGET_NAME)";
				TEST_TARGET_NAME = TYDemo;
				USES_XCTRUNNER = YES;
			};
			name = Debug;
		};
		83D7BEC51C969A1D00E00955 /* Release */ = {
			isa = XCBuildConfiguration;
			buildSettings = {
				INFOPLIST_FILE = TYDemoUITests/Info.plist;
				LD_RUNPATH_SEARCH_PATHS = "$(inherited) @executable_path/Frameworks @loader_path/Frameworks";
				PRODUCT_BUNDLE_IDENTIFIER = com.zowee.TYDemoUITests;
				PRODUCT_NAME = "$(TARGET_NAME)";
				TEST_TARGET_NAME = TYDemo;
				USES_XCTRUNNER = YES;
			};
			name = Release;
		};
/* End XCBuildConfiguration section */

/* Begin XCConfigurationList section */
		83D7BE8B1C969A1C00E00955 /* Build configuration list for PBXProject "TYDemo" */ = {
			isa = XCConfigurationList;
			buildConfigurations = (
				83D7BEBB1C969A1D00E00955 /* Debug */,
				83D7BEBC1C969A1D00E00955 /* Release */,
			);
			defaultConfigurationIsVisible = 0;
			defaultConfigurationName = Release;
		};
		83D7BEBD1C969A1D00E00955 /* Build configuration list for PBXNativeTarget "TYDemo" */ = {
			isa = XCConfigurationList;
			buildConfigurations = (
				83D7BEBE1C969A1D00E00955 /* Debug */,
				83D7BEBF1C969A1D00E00955 /* Release */,
			);
			defaultConfigurationIsVisible = 0;
			defaultConfigurationName = Release;
		};
		83D7BEC01C969A1D00E00955 /* Build configuration list for PBXNativeTarget "TYDemoTests" */ = {
			isa = XCConfigurationList;
			buildConfigurations = (
				83D7BEC11C969A1D00E00955 /* Debug */,
				83D7BEC21C969A1D00E00955 /* Release */,
			);
			defaultConfigurationIsVisible = 0;
			defaultConfigurationName = Release;
		};
		83D7BEC31C969A1D00E00955 /* Build configuration list for PBXNativeTarget "TYDemoUITests" */ = {
			isa = XCConfigurationList;
			buildConfigurations = (
				83D7BEC41C969A1D00E00955 /* Debug */,
				83D7BEC51C969A1D00E00955 /* Release */,
			);
			defaultConfigurationIsVisible = 0;
			defaultConfigurationName = Release;
		};
/* End XCConfigurationList section */
	};
	rootObject = 83D7BE881C969A1C00E00955 /* Project object */;
}
