// !$*UTF8*$!
{
	archiveVersion = 1;
	classes = {
	};
	objectVersion = 46;
	objects = {

/* Begin PBXBuildFile section */
		4E60796A2FDF568C15E0CF65 /* libPods.a in Frameworks */ = {isa = PBXBuildFile; fileRef = 698CAD8D24DD575D87656063 /* libPods.a */; };
		8310AB5A1CACD5EA00C32925 /* WBEmotionManage.m in Sources */ = {isa = PBXBuildFile; fileRef = 8310AB591CACD5EA00C32925 /* WBEmotionManage.m */; };
		8310AB5D1CACD6E700C32925 /* WBEmotionsModel.m in Sources */ = {isa = PBXBuildFile; fileRef = 8310AB5C1CACD6E700C32925 /* WBEmotionsModel.m */; };
		8310AB601CACD7EA00C32925 /* WBLocalEmotionModel.m in Sources */ = {isa = PBXBuildFile; fileRef = 8310AB5F1CACD7EA00C32925 /* WBLocalEmotionModel.m */; };
		8310AB641CACF0C700C32925 /* default_info.plist in Resources */ = {isa = PBXBuildFile; fileRef = 8310AB631CACF0C700C32925 /* default_info.plist */; };
		8310AB661CACF0D800C32925 /* lxh_info.plist in Resources */ = {isa = PBXBuildFile; fileRef = 8310AB651CACF0D800C32925 /* lxh_info.plist */; };
		8310AB681CACF0E200C32925 /* emoticons.plist in Resources */ = {isa = PBXBuildFile; fileRef = 8310AB671CACF0E200C32925 /* emoticons.plist */; };
		834448441CA930540090196C /* weiboContentView.m in Sources */ = {isa = PBXBuildFile; fileRef = 834448431CA930540090196C /* weiboContentView.m */; };
		834448FE1CAA66470090196C /* UIImage+ShortCut.m in Sources */ = {isa = PBXBuildFile; fileRef = 834448FD1CAA66470090196C /* UIImage+ShortCut.m */; };
		83529F8C1CA26E4B0052BD16 /* weiboTableView.m in Sources */ = {isa = PBXBuildFile; fileRef = 83529F8B1CA26E4B0052BD16 /* weiboTableView.m */; };
		83529F8F1CA278CF0052BD16 /* WBDataModel.m in Sources */ = {isa = PBXBuildFile; fileRef = 83529F8E1CA278CF0052BD16 /* WBDataModel.m */; };
		83529F931CA27B1A0052BD16 /* WBStatusModel.m in Sources */ = {isa = PBXBuildFile; fileRef = 83529F921CA27B1A0052BD16 /* WBStatusModel.m */; };
		83529F961CA27D350052BD16 /* WBUserModel.m in Sources */ = {isa = PBXBuildFile; fileRef = 83529F951CA27D350052BD16 /* WBUserModel.m */; };
		83529F9A1CA2816A0052BD16 /* WBHomeCellViewModel.m in Sources */ = {isa = PBXBuildFile; fileRef = 83529F991CA2816A0052BD16 /* WBHomeCellViewModel.m */; };
		83529F9D1CA288E30052BD16 /* weiboTableViewCell.m in Sources */ = {isa = PBXBuildFile; fileRef = 83529F9C1CA288E30052BD16 /* weiboTableViewCell.m */; };
		83BE5FA91C99513C00A108D2 /* wbSession.m in Sources */ = {isa = PBXBuildFile; fileRef = 83BE5FA81C99513C00A108D2 /* wbSession.m */; };
		83BE5FAD1C9955B900A108D2 /* NSDate+TH.m in Sources */ = {isa = PBXBuildFile; fileRef = 83BE5FAC1C9955B900A108D2 /* NSDate+TH.m */; };
		83BE5FB31C99581D00A108D2 /* userLoginViewController.m in Sources */ = {isa = PBXBuildFile; fileRef = 83BE5FB21C99581D00A108D2 /* userLoginViewController.m */; };
		83D0F3E41CA37AFA004415BD /* WBHeadView.m in Sources */ = {isa = PBXBuildFile; fileRef = 83D0F3E31CA37AFA004415BD /* WBHeadView.m */; };
		83D0F3E71CA37B0D004415BD /* WBBottomView.m in Sources */ = {isa = PBXBuildFile; fileRef = 83D0F3E61CA37B0D004415BD /* WBBottomView.m */; };
		83D0F3F51CA37CC6004415BD /* HZPhotoBrowser.m in Sources */ = {isa = PBXBuildFile; fileRef = 83D0F3EA1CA37CC6004415BD /* HZPhotoBrowser.m */; };
		83D0F3F61CA37CC6004415BD /* HZPhotoBrowserView.m in Sources */ = {isa = PBXBuildFile; fileRef = 83D0F3ED1CA37CC6004415BD /* HZPhotoBrowserView.m */; };
		83D0F3F71CA37CC6004415BD /* HZPhotoGroup.m in Sources */ = {isa = PBXBuildFile; fileRef = 83D0F3EF1CA37CC6004415BD /* HZPhotoGroup.m */; };
		83D0F3F81CA37CC6004415BD /* HZPhotoItem.m in Sources */ = {isa = PBXBuildFile; fileRef = 83D0F3F11CA37CC6004415BD /* HZPhotoItem.m */; };
		83D0F3F91CA37CC6004415BD /* HZWaitingView.m in Sources */ = {isa = PBXBuildFile; fileRef = 83D0F3F31CA37CC6004415BD /* HZWaitingView.m */; };
		83D0F3FA1CA37CC6004415BD /* whiteplaceholder.png in Resources */ = {isa = PBXBuildFile; fileRef = 83D0F3F41CA37CC6004415BD /* whiteplaceholder.png */; };
		83D0F3FD1CA3C5BD004415BD /* NSString+Size.m in Sources */ = {isa = PBXBuildFile; fileRef = 83D0F3FC1CA3C5BD004415BD /* NSString+Size.m */; };
		83D0F4001CA3C8FD004415BD /* WBParser.m in Sources */ = {isa = PBXBuildFile; fileRef = 83D0F3FF1CA3C8FD004415BD /* WBParser.m */; };
		83D0F4031CA3D758004415BD /* WBKeywordModel.m in Sources */ = {isa = PBXBuildFile; fileRef = 83D0F4021CA3D758004415BD /* WBKeywordModel.m */; };
		83D7BE951C969A1C00E00955 /* main.m in Sources */ = {isa = PBXBuildFile; fileRef = 83D7BE941C969A1C00E00955 /* main.m */; };
		83D7BE981C969A1C00E00955 /* AppDelegate.m in Sources */ = {isa = PBXBuildFile; fileRef = 83D7BE971C969A1C00E00955 /* AppDelegate.m */; };
		83D7BE9B1C969A1C00E00955 /* ViewController.m in Sources */ = {isa = PBXBuildFile; fileRef = 83D7BE9A1C969A1C00E00955 /* ViewController.m */; };
		83D7BE9E1C969A1C00E00955 /* Main.storyboard in Resources */ = {isa = PBXBuildFile; fileRef = 83D7BE9C1C969A1C00E00955 /* Main.storyboard */; };
		83D7BEA01C969A1C00E00955 /* Assets.xcassets in Resources */ = {isa = PBXBuildFile; fileRef = 83D7BE9F1C969A1C00E00955 /* Assets.xcassets */; };
		83D7BEA31C969A1C00E00955 /* LaunchScreen.storyboard in Resources */ = {isa = PBXBuildFile; fileRef = 83D7BEA11C969A1C00E00955 /* LaunchScreen.storyboard */; };
		83D7BEAE1C969A1D00E00955 /* TYDemoTests.m in Sources */ = {isa = PBXBuildFile; fileRef = 83D7BEAD1C969A1D00E00955 /* TYDemoTests.m */; };
		83D7BEB91C969A1D00E00955 /* TYDemoUITests.m in Sources */ = {isa = PBXBuildFile; fileRef = 83D7BEB81C969A1D00E00955 /* TYDemoUITests.m */; };
		83D7BEEE1C96A5E600E00955 /* UIView+ShortCut.m in Sources */ = {isa = PBXBuildFile; fileRef = 83D7BEED1C96A5E600E00955 /* UIView+ShortCut.m */; };
		83D7BEF91C97FFFE00E00955 /* weiboManage.m in Sources */ = {isa = PBXBuildFile; fileRef = 83D7BEF81C97FFFE00E00955 /* weiboManage.m */; };
		83FDEF4B1CABB81E007F52AB /* photoTableViewController.m in Sources */ = {isa = PBXBuildFile; fileRef = 83FDEF4A1CABB81E007F52AB /* photoTableViewController.m */; };
		83FDEF4F1CABB9A5007F52AB /* phTableViewCell.m in Sources */ = {isa = PBXBuildFile; fileRef = 83FDEF4E1CABB9A5007F52AB /* phTableViewCell.m */; };
		83FDEF521CABC73B007F52AB /* HZPhotoItemView.m in Sources */ = {isa = PBXBuildFile; fileRef = 83FDEF511CABC73B007F52AB /* HZPhotoItemView.m */; };
/* End PBXBuildFile section */

/* Begin PBXContainerItemProxy section */
		83D7BEAA1C969A1D00E00955 /* PBXContainerItemProxy */ = {
			isa = PBXContainerItemProxy;
			containerPortal = 83D7BE881C969A1C00E00955 /* Project object */;
			proxyType = 1;
			remoteGlobalIDString = 83D7BE8F1C969A1C00E00955;
			remoteInfo = TYDemo;
		};
		83D7BEB51C969A1D00E00955 /* PBXContainerItemProxy */ = {
			isa = PBXContainerItemProxy;
			containerPortal = 83D7BE881C969A1C00E00955 /* Project object */;
			proxyType = 1;
			remoteGlobalIDString = 83D7BE8F1C969A1C00E00955;
			remoteInfo = TYDemo;
		};
/* End PBXContainerItemProxy section */

/* Begin PBXFileReference section */
		698CAD8D24DD575D87656063 /* libPods.a */ = {isa = PBXFileReference; explicitFileType = archive.ar; includeInIndex = 0; path = libPods.a; sourceTree = BUILT_PRODUCTS_DIR; };
		8310AB581CACD5EA00C32925 /* WBEmotionManage.h */ = {isa = PBXFileReference; fileEncoding = 4; lastKnownFileType = sourcecode.c.h; path = WBEmotionManage.h; sourceTree = "<group>"; };
		8310AB591CACD5EA00C32925 /* WBEmotionManage.m */ = {isa = PBXFileReference; fileEncoding = 4; lastKnownFileType = sourcecode.c.objc; path = WBEmotionManage.m; sourceTree = "<group>"; };
		8310AB5B1CACD6E700C32925 /* WBEmotionsModel.h */ = {isa = PBXFileReference; fileEncoding = 4; lastKnownFileType = sourcecode.c.h; path = WBEmotionsModel.h; sourceTree = "<group>"; };
		8310AB5C1CACD6E700C32925 /* WBEmotionsModel.m */ = {isa = PBXFileReference; fileEncoding = 4; lastKnownFileType = sourcecode.c.objc; path = WBEmotionsModel.m; sourceTree = "<group>"; };
		8310AB5E1CACD7EA00C32925 /* WBLocalEmotionModel.h */ = {isa = PBXFileReference; fileEncoding = 4; lastKnownFileType = sourcecode.c.h; path = WBLocalEmotionModel.h; sourceTree = "<group>"; };
		8310AB5F1CACD7EA00C32925 /* WBLocalEmotionModel.m */ = {isa = PBXFileReference; fileEncoding = 4; lastKnownFileType = sourcecode.c.objc; path = WBLocalEmotionModel.m; sourceTree = "<group>"; };
		8310AB631CACF0C700C32925 /* default_info.plist */ = {isa = PBXFileReference; fileEncoding = 4; lastKnownFileType = text.plist.xml; path = default_info.plist; sourceTree = "<group>"; };
		8310AB651CACF0D800C32925 /* lxh_info.plist */ = {isa = PBXFileReference; fileEncoding = 4; lastKnownFileType = text.plist.xml; path = lxh_info.plist; sourceTree = "<group>"; };
		8310AB671CACF0E200C32925 /* emoticons.plist */ = {isa = PBXFileReference; fileEncoding = 4; lastKnownFileType = text.plist.xml; path = emoticons.plist; sourceTree = "<group>"; };
		833929401CAE1065008A200A /* MGZoweeSaleTests.xctest */ = {isa = PBXFileReference; explicitFileType = wrapper.cfbundle; includeInIndex = 0; path = MGZoweeSaleTests.xctest; sourceTree = BUILT_PRODUCTS_DIR; };
		8339294B1CAE1065008A200A /* MGZoweeSaleUITests.xctest */ = {isa = PBXFileReference; explicitFileType = wrapper.cfbundle; includeInIndex = 0; path = MGZoweeSaleUITests.xctest; sourceTree = BUILT_PRODUCTS_DIR; };
		834448421CA930540090196C /* weiboContentView.h */ = {isa = PBXFileReference; fileEncoding = 4; lastKnownFileType = sourcecode.c.h; path = weiboContentView.h; sourceTree = "<group>"; };
		834448431CA930540090196C /* weiboContentView.m */ = {isa = PBXFileReference; fileEncoding = 4; lastKnownFileType = sourcecode.c.objc; path = weiboContentView.m; sourceTree = "<group>"; };
		834448FC1CAA66470090196C /* UIImage+ShortCut.h */ = {isa = PBXFileReference; fileEncoding = 4; lastKnownFileType = sourcecode.c.h; path = "UIImage+ShortCut.h"; sourceTree = "<group>"; };
		834448FD1CAA66470090196C /* UIImage+ShortCut.m */ = {isa = PBXFileReference; fileEncoding = 4; lastKnownFileType = sourcecode.c.objc; path = "UIImage+ShortCut.m"; sourceTree = "<group>"; };
		83529F8A1CA26E4B0052BD16 /* weiboTableView.h */ = {isa = PBXFileReference; fileEncoding = 4; lastKnownFileType = sourcecode.c.h; path = weiboTableView.h; sourceTree = "<group>"; };
		83529F8B1CA26E4B0052BD16 /* weiboTableView.m */ = {isa = PBXFileReference; fileEncoding = 4; lastKnownFileType = sourcecode.c.objc; path = weiboTableView.m; sourceTree = "<group>"; };
		83529F8D1CA278CF0052BD16 /* WBDataModel.h */ = {isa = PBXFileReference; fileEncoding = 4; lastKnownFileType = sourcecode.c.h; path = WBDataModel.h; sourceTree = "<group>"; };
		83529F8E1CA278CF0052BD16 /* WBDataModel.m */ = {isa = PBXFileReference; fileEncoding = 4; lastKnownFileType = sourcecode.c.objc; path = WBDataModel.m; sourceTree = "<group>"; };
		83529F901CA279280052BD16 /* WBDealing.h */ = {isa = PBXFileReference; lastKnownFileType = sourcecode.c.h; path = WBDealing.h; sourceTree = "<group>"; };
		83529F911CA27B1A0052BD16 /* WBStatusModel.h */ = {isa = PBXFileReference; fileEncoding = 4; lastKnownFileType = sourcecode.c.h; path = WBStatusModel.h; sourceTree = "<group>"; };
		83529F921CA27B1A0052BD16 /* WBStatusModel.m */ = {isa = PBXFileReference; fileEncoding = 4; lastKnownFileType = sourcecode.c.objc; path = WBStatusModel.m; sourceTree = "<group>"; };
		83529F941CA27D350052BD16 /* WBUserModel.h */ = {isa = PBXFileReference; fileEncoding = 4; lastKnownFileType = sourcecode.c.h; path = WBUserModel.h; sourceTree = "<group>"; };
		83529F951CA27D350052BD16 /* WBUserModel.m */ = {isa = PBXFileReference; fileEncoding = 4; lastKnownFileType = sourcecode.c.objc; path = WBUserModel.m; sourceTree = "<group>"; };
		83529F981CA2816A0052BD16 /* WBHomeCellViewModel.h */ = {isa = PBXFileReference; fileEncoding = 4; lastKnownFileType = sourcecode.c.h; path = WBHomeCellViewModel.h; sourceTree = "<group>"; };
		83529F991CA2816A0052BD16 /* WBHomeCellViewModel.m */ = {isa = PBXFileReference; fileEncoding = 4; lastKnownFileType = sourcecode.c.objc; path = WBHomeCellViewModel.m; sourceTree = "<group>"; };
		83529F9B1CA288E30052BD16 /* weiboTableViewCell.h */ = {isa = PBXFileReference; fileEncoding = 4; lastKnownFileType = sourcecode.c.h; path = weiboTableViewCell.h; sourceTree = "<group>"; };
		83529F9C1CA288E30052BD16 /* weiboTableViewCell.m */ = {isa = PBXFileReference; fileEncoding = 4; lastKnownFileType = sourcecode.c.objc; path = weiboTableViewCell.m; sourceTree = "<group>"; };
		83BE5FA71C99513C00A108D2 /* wbSession.h */ = {isa = PBXFileReference; fileEncoding = 4; lastKnownFileType = sourcecode.c.h; path = wbSession.h; sourceTree = "<group>"; };
		83BE5FA81C99513C00A108D2 /* wbSession.m */ = {isa = PBXFileReference; fileEncoding = 4; lastKnownFileType = sourcecode.c.objc; path = wbSession.m; sourceTree = "<group>"; };
		83BE5FAB1C9955B900A108D2 /* NSDate+TH.h */ = {isa = PBXFileReference; fileEncoding = 4; lastKnownFileType = sourcecode.c.h; path = "NSDate+TH.h"; sourceTree = "<group>"; };
		83BE5FAC1C9955B900A108D2 /* NSDate+TH.m */ = {isa = PBXFileReference; fileEncoding = 4; lastKnownFileType = sourcecode.c.objc; path = "NSDate+TH.m"; sourceTree = "<group>"; };
		83BE5FB11C99581D00A108D2 /* userLoginViewController.h */ = {isa = PBXFileReference; fileEncoding = 4; lastKnownFileType = sourcecode.c.h; path = userLoginViewController.h; sourceTree = "<group>"; };
		83BE5FB21C99581D00A108D2 /* userLoginViewController.m */ = {isa = PBXFileReference; fileEncoding = 4; lastKnownFileType = sourcecode.c.objc; path = userLoginViewController.m; sourceTree = "<group>"; };
		83D0F3E21CA37AFA004415BD /* WBHeadView.h */ = {isa = PBXFileReference; fileEncoding = 4; lastKnownFileType = sourcecode.c.h; path = WBHeadView.h; sourceTree = "<group>"; };
		83D0F3E31CA37AFA004415BD /* WBHeadView.m */ = {isa = PBXFileReference; fileEncoding = 4; lastKnownFileType = sourcecode.c.objc; path = WBHeadView.m; sourceTree = "<group>"; };
		83D0F3E51CA37B0D004415BD /* WBBottomView.h */ = {isa = PBXFileReference; fileEncoding = 4; lastKnownFileType = sourcecode.c.h; path = WBBottomView.h; sourceTree = "<group>"; };
		83D0F3E61CA37B0D004415BD /* WBBottomView.m */ = {isa = PBXFileReference; fileEncoding = 4; lastKnownFileType = sourcecode.c.objc; path = WBBottomView.m; sourceTree = "<group>"; };
		83D0F3E91CA37CC6004415BD /* HZPhotoBrowser.h */ = {isa = PBXFileReference; fileEncoding = 4; lastKnownFileType = sourcecode.c.h; path = HZPhotoBrowser.h; sourceTree = "<group>"; };
		83D0F3EA1CA37CC6004415BD /* HZPhotoBrowser.m */ = {isa = PBXFileReference; fileEncoding = 4; lastKnownFileType = sourcecode.c.objc; path = HZPhotoBrowser.m; sourceTree = "<group>"; };
		83D0F3EB1CA37CC6004415BD /* HZPhotoBrowserConfig.h */ = {isa = PBXFileReference; fileEncoding = 4; lastKnownFileType = sourcecode.c.h; path = HZPhotoBrowserConfig.h; sourceTree = "<group>"; };
		83D0F3EC1CA37CC6004415BD /* HZPhotoBrowserView.h */ = {isa = PBXFileReference; fileEncoding = 4; lastKnownFileType = sourcecode.c.h; path = HZPhotoBrowserView.h; sourceTree = "<group>"; };
		83D0F3ED1CA37CC6004415BD /* HZPhotoBrowserView.m */ = {isa = PBXFileReference; fileEncoding = 4; lastKnownFileType = sourcecode.c.objc; path = HZPhotoBrowserView.m; sourceTree = "<group>"; };
		83D0F3EE1CA37CC6004415BD /* HZPhotoGroup.h */ = {isa = PBXFileReference; fileEncoding = 4; lastKnownFileType = sourcecode.c.h; path = HZPhotoGroup.h; sourceTree = "<group>"; };
		83D0F3EF1CA37CC6004415BD /* HZPhotoGroup.m */ = {isa = PBXFileReference; fileEncoding = 4; lastKnownFileType = sourcecode.c.objc; path = HZPhotoGroup.m; sourceTree = "<group>"; };
		83D0F3F01CA37CC6004415BD /* HZPhotoItem.h */ = {isa = PBXFileReference; fileEncoding = 4; lastKnownFileType = sourcecode.c.h; path = HZPhotoItem.h; sourceTree = "<group>"; };
		83D0F3F11CA37CC6004415BD /* HZPhotoItem.m */ = {isa = PBXFileReference; fileEncoding = 4; lastKnownFileType = sourcecode.c.objc; path = HZPhotoItem.m; sourceTree = "<group>"; };
		83D0F3F21CA37CC6004415BD /* HZWaitingView.h */ = {isa = PBXFileReference; fileEncoding = 4; lastKnownFileType = sourcecode.c.h; path = HZWaitingView.h; sourceTree = "<group>"; };
		83D0F3F31CA37CC6004415BD /* HZWaitingView.m */ = {isa = PBXFileReference; fileEncoding = 4; lastKnownFileType = sourcecode.c.objc; path = HZWaitingView.m; sourceTree = "<group>"; };
		83D0F3F41CA37CC6004415BD /* whiteplaceholder.png */ = {isa = PBXFileReference; lastKnownFileType = image.png; path = whiteplaceholder.png; sourceTree = "<group>"; };
		83D0F3FB1CA3C5BD004415BD /* NSString+Size.h */ = {isa = PBXFileReference; fileEncoding = 4; lastKnownFileType = sourcecode.c.h; path = "NSString+Size.h"; sourceTree = "<group>"; };
		83D0F3FC1CA3C5BD004415BD /* NSString+Size.m */ = {isa = PBXFileReference; fileEncoding = 4; lastKnownFileType = sourcecode.c.objc; path = "NSString+Size.m"; sourceTree = "<group>"; };
		83D0F3FE1CA3C8FD004415BD /* WBParser.h */ = {isa = PBXFileReference; fileEncoding = 4; lastKnownFileType = sourcecode.c.h; path = WBParser.h; sourceTree = "<group>"; };
		83D0F3FF1CA3C8FD004415BD /* WBParser.m */ = {isa = PBXFileReference; fileEncoding = 4; lastKnownFileType = sourcecode.c.objc; path = WBParser.m; sourceTree = "<group>"; };
		83D0F4011CA3D758004415BD /* WBKeywordModel.h */ = {isa = PBXFileReference; fileEncoding = 4; lastKnownFileType = sourcecode.c.h; path = WBKeywordModel.h; sourceTree = "<group>"; };
		83D0F4021CA3D758004415BD /* WBKeywordModel.m */ = {isa = PBXFileReference; fileEncoding = 4; lastKnownFileType = sourcecode.c.objc; path = WBKeywordModel.m; sourceTree = "<group>"; };
		83D7BE901C969A1C00E00955 /* TYDemo.app */ = {isa = PBXFileReference; explicitFileType = wrapper.application; includeInIndex = 0; path = TYDemo.app; sourceTree = BUILT_PRODUCTS_DIR; };
		83D7BE941C969A1C00E00955 /* main.m */ = {isa = PBXFileReference; lastKnownFileType = sourcecode.c.objc; path = main.m; sourceTree = "<group>"; };
		83D7BE961C969A1C00E00955 /* AppDelegate.h */ = {isa = PBXFileReference; lastKnownFileType = sourcecode.c.h; path = AppDelegate.h; sourceTree = "<group>"; };
		83D7BE971C969A1C00E00955 /* AppDelegate.m */ = {isa = PBXFileReference; lastKnownFileType = sourcecode.c.objc; path = AppDelegate.m; sourceTree = "<group>"; };
		83D7BE991C969A1C00E00955 /* ViewController.h */ = {isa = PBXFileReference; lastKnownFileType = sourcecode.c.h; path = ViewController.h; sourceTree = "<group>"; };
		83D7BE9A1C969A1C00E00955 /* ViewController.m */ = {isa = PBXFileReference; lastKnownFileType = sourcecode.c.objc; path = ViewController.m; sourceTree = "<group>"; };
		83D7BE9D1C969A1C00E00955 /* Base */ = {isa = PBXFileReference; lastKnownFileType = file.storyboard; name = Base; path = Base.lproj/Main.storyboard; sourceTree = "<group>"; };
		83D7BE9F1C969A1C00E00955 /* Assets.xcassets */ = {isa = PBXFileReference; lastKnownFileType = folder.assetcatalog; path = Assets.xcassets; sourceTree = "<group>"; };
		83D7BEA21C969A1C00E00955 /* Base */ = {isa = PBXFileReference; lastKnownFileType = file.storyboard; name = Base; path = Base.lproj/LaunchScreen.storyboard; sourceTree = "<group>"; };
		83D7BEA41C969A1C00E00955 /* Info.plist */ = {isa = PBXFileReference; lastKnownFileType = text.plist.xml; path = Info.plist; sourceTree = "<group>"; };
		83D7BEA91C969A1D00E00955 /* TYDemoTests.xctest */ = {isa = PBXFileReference; explicitFileType = wrapper.cfbundle; includeInIndex = 0; path = TYDemoTests.xctest; sourceTree = BUILT_PRODUCTS_DIR; };
		83D7BEAD1C969A1D00E00955 /* TYDemoTests.m */ = {isa = PBXFileReference; lastKnownFileType = sourcecode.c.objc; path = TYDemoTests.m; sourceTree = "<group>"; };
		83D7BEAF1C969A1D00E00955 /* Info.plist */ = {isa = PBXFileReference; lastKnownFileType = text.plist.xml; path = Info.plist; sourceTree = "<group>"; };
		83D7BEB41C969A1D00E00955 /* TYDemoUITests.xctest */ = {isa = PBXFileReference; explicitFileType = wrapper.cfbundle; includeInIndex = 0; path = TYDemoUITests.xctest; sourceTree = BUILT_PRODUCTS_DIR; };
		83D7BEB81C969A1D00E00955 /* TYDemoUITests.m */ = {isa = PBXFileReference; lastKnownFileType = sourcecode.c.objc; path = TYDemoUITests.m; sourceTree = "<group>"; };
		83D7BEBA1C969A1D00E00955 /* Info.plist */ = {isa = PBXFileReference; lastKnownFileType = text.plist.xml; path = Info.plist; sourceTree = "<group>"; };
		83D7BEEC1C96A5E600E00955 /* UIView+ShortCut.h */ = {isa = PBXFileReference; fileEncoding = 4; lastKnownFileType = sourcecode.c.h; path = "UIView+ShortCut.h"; sourceTree = "<group>"; };
		83D7BEED1C96A5E600E00955 /* UIView+ShortCut.m */ = {isa = PBXFileReference; fileEncoding = 4; lastKnownFileType = sourcecode.c.objc; path = "UIView+ShortCut.m"; sourceTree = "<group>"; };
		83D7BEF71C97FFFD00E00955 /* weiboManage.h */ = {isa = PBXFileReference; fileEncoding = 4; lastKnownFileType = sourcecode.c.h; path = weiboManage.h; sourceTree = "<group>"; };
		83D7BEF81C97FFFE00E00955 /* weiboManage.m */ = {isa = PBXFileReference; fileEncoding = 4; lastKnownFileType = sourcecode.c.objc; path = weiboManage.m; sourceTree = "<group>"; };
		83D7BEFA1C98045D00E00955 /* WeiboSDKDemo.pch */ = {isa = PBXFileReference; lastKnownFileType = sourcecode.c.h; path = WeiboSDKDemo.pch; sourceTree = "<group>"; };
		83FDEF491CABB81E007F52AB /* photoTableViewController.h */ = {isa = PBXFileReference; fileEncoding = 4; lastKnownFileType = sourcecode.c.h; path = photoTableViewController.h; sourceTree = "<group>"; };
		83FDEF4A1CABB81E007F52AB /* photoTableViewController.m */ = {isa = PBXFileReference; fileEncoding = 4; lastKnownFileType = sourcecode.c.objc; path = photoTableViewController.m; sourceTree = "<group>"; };
		83FDEF4D1CABB9A5007F52AB /* phTableViewCell.h */ = {isa = PBXFileReference; fileEncoding = 4; lastKnownFileType = sourcecode.c.h; path = phTableViewCell.h; sourceTree = "<group>"; };
		83FDEF4E1CABB9A5007F52AB /* phTableViewCell.m */ = {isa = PBXFileReference; fileEncoding = 4; lastKnownFileType = sourcecode.c.objc; path = phTableViewCell.m; sourceTree = "<group>"; };
		83FDEF501CABC73B007F52AB /* HZPhotoItemView.h */ = {isa = PBXFileReference; fileEncoding = 4; lastKnownFileType = sourcecode.c.h; path = HZPhotoItemView.h; sourceTree = "<group>"; };
		83FDEF511CABC73B007F52AB /* HZPhotoItemView.m */ = {isa = PBXFileReference; fileEncoding = 4; lastKnownFileType = sourcecode.c.objc; path = HZPhotoItemView.m; sourceTree = "<group>"; };
		AD2C4EBC9F8746EFD1DC3E3B /* Pods.release.xcconfig */ = {isa = PBXFileReference; includeInIndex = 1; lastKnownFileType = text.xcconfig; name = Pods.release.xcconfig; path = "Pods/Target Support Files/Pods/Pods.release.xcconfig"; sourceTree = "<group>"; };
		BF298E2907F9C359C7B60518 /* Pods.debug.xcconfig */ = {isa = PBXFileReference; includeInIndex = 1; lastKnownFileType = text.xcconfig; name = Pods.debug.xcconfig; path = "Pods/Target Support Files/Pods/Pods.debug.xcconfig"; sourceTree = "<group>"; };
/* End PBXFileReference section */

/* Begin PBXFrameworksBuildPhase section */
		8339293D1CAE1065008A200A /* Frameworks */ = {
			isa = PBXFrameworksBuildPhase;
			buildActionMask = 2147483647;
			files = (
			);
			runOnlyForDeploymentPostprocessing = 0;
		};
		833929481CAE1065008A200A /* Frameworks */ = {
			isa = PBXFrameworksBuildPhase;
			buildActionMask = 2147483647;
			files = (
			);
			runOnlyForDeploymentPostprocessing = 0;
		};
		83D7BE8D1C969A1C00E00955 /* Frameworks */ = {
			isa = PBXFrameworksBuildPhase;
			buildActionMask = 2147483647;
			files = (
				4E60796A2FDF568C15E0CF65 /* libPods.a in Frameworks */,
			);
			runOnlyForDeploymentPostprocessing = 0;
		};
		83D7BEA61C969A1D00E00955 /* Frameworks */ = {
			isa = PBXFrameworksBuildPhase;
			buildActionMask = 2147483647;
			files = (
			);
			runOnlyForDeploymentPostprocessing = 0;
		};
		83D7BEB11C969A1D00E00955 /* Frameworks */ = {
			isa = PBXFrameworksBuildPhase;
			buildActionMask = 2147483647;
			files = (
			);
			runOnlyForDeploymentPostprocessing = 0;
		};
/* End PBXFrameworksBuildPhase section */

/* Begin PBXGroup section */
		83529F971CA280780052BD16 /* ViewModel */ = {
			isa = PBXGroup;
			children = (
				83529F981CA2816A0052BD16 /* WBHomeCellViewModel.h */,
				83529F991CA2816A0052BD16 /* WBHomeCellViewModel.m */,
			);
			path = ViewModel;
			sourceTree = "<group>";
		};
		83BE5FAA1C99556900A108D2 /* Category */ = {
			isa = PBXGroup;
			children = (
				83BE5FAB1C9955B900A108D2 /* NSDate+TH.h */,
				83BE5FAC1C9955B900A108D2 /* NSDate+TH.m */,
				83D0F3FB1CA3C5BD004415BD /* NSString+Size.h */,
				83D0F3FC1CA3C5BD004415BD /* NSString+Size.m */,
				834448FC1CAA66470090196C /* UIImage+ShortCut.h */,
				834448FD1CAA66470090196C /* UIImage+ShortCut.m */,
				83D7BEEC1C96A5E600E00955 /* UIView+ShortCut.h */,
				83D7BEED1C96A5E600E00955 /* UIView+ShortCut.m */,
			);
			path = Category;
			sourceTree = "<group>";
		};
		83BE5FAE1C99574200A108D2 /* Controller */ = {
			isa = PBXGroup;
			children = (
				83FDEF4C1CABB984007F52AB /* photo */,
				83D7BE991C969A1C00E00955 /* ViewController.h */,
				83D7BE9A1C969A1C00E00955 /* ViewController.m */,
				83BE5FB11C99581D00A108D2 /* userLoginViewController.h */,
				83BE5FB21C99581D00A108D2 /* userLoginViewController.m */,
			);
			path = Controller;
			sourceTree = "<group>";
		};
		83BE5FAF1C99577300A108D2 /* View */ = {
			isa = PBXGroup;
			children = (
				83D0F3E51CA37B0D004415BD /* WBBottomView.h */,
				83D0F3E61CA37B0D004415BD /* WBBottomView.m */,
				83D0F3E21CA37AFA004415BD /* WBHeadView.h */,
				83D0F3E31CA37AFA004415BD /* WBHeadView.m */,
				834448421CA930540090196C /* weiboContentView.h */,
				834448431CA930540090196C /* weiboContentView.m */,
				83529F8A1CA26E4B0052BD16 /* weiboTableView.h */,
				83529F8B1CA26E4B0052BD16 /* weiboTableView.m */,
				83529F9B1CA288E30052BD16 /* weiboTableViewCell.h */,
				83529F9C1CA288E30052BD16 /* weiboTableViewCell.m */,
			);
			path = View;
			sourceTree = "<group>";
		};
		83BE5FB01C99578E00A108D2 /* Model */ = {
			isa = PBXGroup;
			children = (
				83529F8D1CA278CF0052BD16 /* WBDataModel.h */,
				83529F8E1CA278CF0052BD16 /* WBDataModel.m */,
				83529F901CA279280052BD16 /* WBDealing.h */,
				8310AB5B1CACD6E700C32925 /* WBEmotionsModel.h */,
				8310AB5C1CACD6E700C32925 /* WBEmotionsModel.m */,
				83D0F4011CA3D758004415BD /* WBKeywordModel.h */,
				83D0F4021CA3D758004415BD /* WBKeywordModel.m */,
				8310AB5E1CACD7EA00C32925 /* WBLocalEmotionModel.h */,
				8310AB5F1CACD7EA00C32925 /* WBLocalEmotionModel.m */,
				83529F911CA27B1A0052BD16 /* WBStatusModel.h */,
				83529F921CA27B1A0052BD16 /* WBStatusModel.m */,
				83529F941CA27D350052BD16 /* WBUserModel.h */,
				83529F951CA27D350052BD16 /* WBUserModel.m */,
			);
			path = Model;
			sourceTree = "<group>";
		};
		83D0F3E81CA37CC6004415BD /* ptotoBrowser */ = {
			isa = PBXGroup;
			children = (
				83D0F3E91CA37CC6004415BD /* HZPhotoBrowser.h */,
				83D0F3EA1CA37CC6004415BD /* HZPhotoBrowser.m */,
				83D0F3EB1CA37CC6004415BD /* HZPhotoBrowserConfig.h */,
				83D0F3EC1CA37CC6004415BD /* HZPhotoBrowserView.h */,
				83D0F3ED1CA37CC6004415BD /* HZPhotoBrowserView.m */,
				83D0F3EE1CA37CC6004415BD /* HZPhotoGroup.h */,
				83D0F3EF1CA37CC6004415BD /* HZPhotoGroup.m */,
				83D0F3F01CA37CC6004415BD /* HZPhotoItem.h */,
				83D0F3F11CA37CC6004415BD /* HZPhotoItem.m */,
				83FDEF501CABC73B007F52AB /* HZPhotoItemView.h */,
				83FDEF511CABC73B007F52AB /* HZPhotoItemView.m */,
				83D0F3F21CA37CC6004415BD /* HZWaitingView.h */,
				83D0F3F31CA37CC6004415BD /* HZWaitingView.m */,
				83D0F3F41CA37CC6004415BD /* whiteplaceholder.png */,
			);
			path = ptotoBrowser;
			sourceTree = "<group>";
		};
		83D7BE871C969A1C00E00955 = {
			isa = PBXGroup;
			children = (
				F5A8466AAE05B5ADB8B54CC3 /* Frameworks */,
				BDDB80BA73931418DBA1FD9A /* Pods */,
				83D7BE911C969A1C00E00955 /* Products */,
				83D7BE921C969A1C00E00955 /* TYDemo */,
				83D7BEAC1C969A1D00E00955 /* TYDemoTests */,
				83D7BEB71C969A1D00E00955 /* TYDemoUITests */,
			);
			sourceTree = "<group>";
		};
		83D7BE911C969A1C00E00955 /* Products */ = {
			isa = PBXGroup;
			children = (
				83D7BE901C969A1C00E00955 /* TYDemo.app */,
				83D7BEA91C969A1D00E00955 /* TYDemoTests.xctest */,
				83D7BEB41C969A1D00E00955 /* TYDemoUITests.xctest */,
				833929401CAE1065008A200A /* MGZoweeSaleTests.xctest */,
				8339294B1CAE1065008A200A /* MGZoweeSaleUITests.xctest */,
			);
			name = Products;
			sourceTree = "<group>";
		};
		83D7BE921C969A1C00E00955 /* TYDemo */ = {
			isa = PBXGroup;
			children = (
				83BE5FAA1C99556900A108D2 /* Category */,
				83BE5FAE1C99574200A108D2 /* Controller */,
				83BE5FB01C99578E00A108D2 /* Model */,
				83D7BE931C969A1C00E00955 /* Supporting Files */,
				83BE5FAF1C99577300A108D2 /* View */,
				83529F971CA280780052BD16 /* ViewModel */,
				83D0F3E81CA37CC6004415BD /* ptotoBrowser */,
				83D7BEEF1C97E08000E00955 /* weiboManage */,
				83D7BE961C969A1C00E00955 /* AppDelegate.h */,
				83D7BE971C969A1C00E00955 /* AppDelegate.m */,
			);
			path = TYDemo;
			sourceTree = "<group>";
		};
		83D7BE931C969A1C00E00955 /* Supporting Files */ = {
			isa = PBXGroup;
			children = (
				83D7BE9F1C969A1C00E00955 /* Assets.xcassets */,
				83D7BEA41C969A1C00E00955 /* Info.plist */,
				83D7BEA11C969A1C00E00955 /* LaunchScreen.storyboard */,
				83D7BE9C1C969A1C00E00955 /* Main.storyboard */,
				83D7BEFA1C98045D00E00955 /* WeiboSDKDemo.pch */,
				8310AB631CACF0C700C32925 /* default_info.plist */,
				8310AB671CACF0E200C32925 /* emoticons.plist */,
				8310AB651CACF0D800C32925 /* lxh_info.plist */,
				83D7BE941C969A1C00E00955 /* main.m */,
			);
			path = "Supporting Files";
			sourceTree = "<group>";
		};
		83D7BEAC1C969A1D00E00955 /* TYDemoTests */ = {
			isa = PBXGroup;
			children = (
				83D7BEAF1C969A1D00E00955 /* Info.plist */,
				83D7BEAD1C969A1D00E00955 /* TYDemoTests.m */,
			);
			path = TYDemoTests;
			sourceTree = "<group>";
		};
		83D7BEB71C969A1D00E00955 /* TYDemoUITests */ = {
			isa = PBXGroup;
			children = (
				83D7BEBA1C969A1D00E00955 /* Info.plist */,
				83D7BEB81C969A1D00E00955 /* TYDemoUITests.m */,
			);
			path = TYDemoUITests;
			sourceTree = "<group>";
		};
		83D7BEEF1C97E08000E00955 /* weiboManage */ = {
			isa = PBXGroup;
			children = (
				8310AB581CACD5EA00C32925 /* WBEmotionManage.h */,
				8310AB591CACD5EA00C32925 /* WBEmotionManage.m */,
				83D0F3FE1CA3C8FD004415BD /* WBParser.h */,
				83D0F3FF1CA3C8FD004415BD /* WBParser.m */,
				83BE5FA71C99513C00A108D2 /* wbSession.h */,
				83BE5FA81C99513C00A108D2 /* wbSession.m */,
				83D7BEF71C97FFFD00E00955 /* weiboManage.h */,
				83D7BEF81C97FFFE00E00955 /* weiboManage.m */,
			);
			path = weiboManage;
			sourceTree = "<group>";
		};
		83FDEF4C1CABB984007F52AB /* photo */ = {
			isa = PBXGroup;
			children = (
				83FDEF4D1CABB9A5007F52AB /* phTableViewCell.h */,
				83FDEF4E1CABB9A5007F52AB /* phTableViewCell.m */,
				83FDEF491CABB81E007F52AB /* photoTableViewController.h */,
				83FDEF4A1CABB81E007F52AB /* photoTableViewController.m */,
			);
			path = photo;
			sourceTree = "<group>";
		};
		BDDB80BA73931418DBA1FD9A /* Pods */ = {
			isa = PBXGroup;
			children = (
				BF298E2907F9C359C7B60518 /* Pods.debug.xcconfig */,
				AD2C4EBC9F8746EFD1DC3E3B /* Pods.release.xcconfig */,
			);
			name = Pods;
			sourceTree = "<group>";
		};
		F5A8466AAE05B5ADB8B54CC3 /* Frameworks */ = {
			isa = PBXGroup;
			children = (
				698CAD8D24DD575D87656063 /* libPods.a */,
			);
			name = Frameworks;
			sourceTree = "<group>";
		};
/* End PBXGroup section */

/* Begin PBXNativeTarget section */
		8339293F1CAE1065008A200A /* MGZoweeSaleTests */ = {
			isa = PBXNativeTarget;
			buildConfigurationList = 833929591CAE1065008A200A /* Build configuration list for PBXNativeTarget "MGZoweeSaleTests" */;
			buildPhases = (
				8339293C1CAE1065008A200A /* Sources */,
				8339293D1CAE1065008A200A /* Frameworks */,
				8339293E1CAE1065008A200A /* Resources */,
			);
			buildRules = (
			);
			dependencies = (
			);
			name = MGZoweeSaleTests;
			productName = MGZoweeSaleTests;
			productReference = 833929401CAE1065008A200A /* MGZoweeSaleTests.xctest */;
			productType = "com.apple.product-type.bundle.unit-test";
		};
		8339294A1CAE1065008A200A /* MGZoweeSaleUITests */ = {
			isa = PBXNativeTarget;
			buildConfigurationList = 8339295A1CAE1065008A200A /* Build configuration list for PBXNativeTarget "MGZoweeSaleUITests" */;
			buildPhases = (
				833929471CAE1065008A200A /* Sources */,
				833929481CAE1065008A200A /* Frameworks */,
				833929491CAE1065008A200A /* Resources */,
			);
			buildRules = (
			);
			dependencies = (
			);
			name = MGZoweeSaleUITests;
			productName = MGZoweeSaleUITests;
			productReference = 8339294B1CAE1065008A200A /* MGZoweeSaleUITests.xctest */;
			productType = "com.apple.product-type.bundle.ui-testing";
		};
		83D7BE8F1C969A1C00E00955 /* TYDemo */ = {
			isa = PBXNativeTarget;
			buildConfigurationList = 83D7BEBD1C969A1D00E00955 /* Build configuration list for PBXNativeTarget "TYDemo" */;
			buildPhases = (
				EAB1D02C58D6C789E0E8CD42 /* Check Pods Manifest.lock */,
				83D7BE8C1C969A1C00E00955 /* Sources */,
				83D7BE8D1C969A1C00E00955 /* Frameworks */,
				83D7BE8E1C969A1C00E00955 /* Resources */,
				4102A0E7A71F4897642686EB /* Embed Pods Frameworks */,
				0CF03EE105AB9B38EED2C86A /* Copy Pods Resources */,
			);
			buildRules = (
			);
			dependencies = (
			);
			name = TYDemo;
			productName = TYDemo;
			productReference = 83D7BE901C969A1C00E00955 /* TYDemo.app */;
			productType = "com.apple.product-type.application";
		};
		83D7BEA81C969A1D00E00955 /* TYDemoTests */ = {
			isa = PBXNativeTarget;
			buildConfigurationList = 83D7BEC01C969A1D00E00955 /* Build configuration list for PBXNativeTarget "TYDemoTests" */;
			buildPhases = (
				83D7BEA51C969A1D00E00955 /* Sources */,
				83D7BEA61C969A1D00E00955 /* Frameworks */,
				83D7BEA71C969A1D00E00955 /* Resources */,
			);
			buildRules = (
			);
			dependencies = (
				83D7BEAB1C969A1D00E00955 /* PBXTargetDependency */,
			);
			name = TYDemoTests;
			productName = TYDemoTests;
			productReference = 83D7BEA91C969A1D00E00955 /* TYDemoTests.xctest */;
			productType = "com.apple.product-type.bundle.unit-test";
		};
		83D7BEB31C969A1D00E00955 /* TYDemoUITests */ = {
			isa = PBXNativeTarget;
			buildConfigurationList = 83D7BEC31C969A1D00E00955 /* Build configuration list for PBXNativeTarget "TYDemoUITests" */;
			buildPhases = (
				83D7BEB01C969A1D00E00955 /* Sources */,
				83D7BEB11C969A1D00E00955 /* Frameworks */,
				83D7BEB21C969A1D00E00955 /* Resources */,
			);
			buildRules = (
			);
			dependencies = (
				83D7BEB61C969A1D00E00955 /* PBXTargetDependency */,
			);
			name = TYDemoUITests;
			productName = TYDemoUITests;
			productReference = 83D7BEB41C969A1D00E00955 /* TYDemoUITests.xctest */;
			productType = "com.apple.product-type.bundle.ui-testing";
		};
/* End PBXNativeTarget section */

/* Begin PBXProject section */
		83D7BE881C969A1C00E00955 /* Project object */ = {
			isa = PBXProject;
			attributes = {
				LastUpgradeCheck = 0720;
				ORGANIZATIONNAME = TH;
				TargetAttributes = {
					8339293F1CAE1065008A200A = {
						CreatedOnToolsVersion = 7.2;
						TestTargetID = 833929241CAE1064008A200A;
					};
					8339294A1CAE1065008A200A = {
						CreatedOnToolsVersion = 7.2;
						TestTargetID = 833929241CAE1064008A200A;
					};
					83D7BE8F1C969A1C00E00955 = {
						CreatedOnToolsVersion = 7.2;
					};
					83D7BEA81C969A1D00E00955 = {
						CreatedOnToolsVersion = 7.2;
						TestTargetID = 83D7BE8F1C969A1C00E00955;
					};
					83D7BEB31C969A1D00E00955 = {
						CreatedOnToolsVersion = 7.2;
						TestTargetID = 83D7BE8F1C969A1C00E00955;
					};
				};
			};
			buildConfigurationList = 83D7BE8B1C969A1C00E00955 /* Build configuration list for PBXProject "TYDemo" */;
			compatibilityVersion = "Xcode 3.2";
			developmentRegion = English;
			hasScannedForEncodings = 0;
			knownRegions = (
				en,
				Base,
			);
			mainGroup = 83D7BE871C969A1C00E00955;
			productRefGroup = 83D7BE911C969A1C00E00955 /* Products */;
			projectDirPath = "";
			projectRoot = "";
			targets = (
				83D7BE8F1C969A1C00E00955 /* TYDemo */,
				83D7BEA81C969A1D00E00955 /* TYDemoTests */,
				83D7BEB31C969A1D00E00955 /* TYDemoUITests */,
				8339293F1CAE1065008A200A /* MGZoweeSaleTests */,
				8339294A1CAE1065008A200A /* MGZoweeSaleUITests */,
			);
		};
/* End PBXProject section */

/* Begin PBXResourcesBuildPhase section */
		8339293E1CAE1065008A200A /* Resources */ = {
			isa = PBXResourcesBuildPhase;
			buildActionMask = 2147483647;
			files = (
			);
			runOnlyForDeploymentPostprocessing = 0;
		};
		833929491CAE1065008A200A /* Resources */ = {
			isa = PBXResourcesBuildPhase;
			buildActionMask = 2147483647;
			files = (
			);
			runOnlyForDeploymentPostprocessing = 0;
		};
		83D7BE8E1C969A1C00E00955 /* Resources */ = {
			isa = PBXResourcesBuildPhase;
			buildActionMask = 2147483647;
			files = (
				83D7BEA31C969A1C00E00955 /* LaunchScreen.storyboard in Resources */,
				83D7BEA01C969A1C00E00955 /* Assets.xcassets in Resources */,
				8310AB641CACF0C700C32925 /* default_info.plist in Resources */,
				8310AB681CACF0E200C32925 /* emoticons.plist in Resources */,
				83D7BE9E1C969A1C00E00955 /* Main.storyboard in Resources */,
				83D0F3FA1CA37CC6004415BD /* whiteplaceholder.png in Resources */,
				8310AB661CACF0D800C32925 /* lxh_info.plist in Resources */,
			);
			runOnlyForDeploymentPostprocessing = 0;
		};
		83D7BEA71C969A1D00E00955 /* Resources */ = {
			isa = PBXResourcesBuildPhase;
			buildActionMask = 2147483647;
			files = (
			);
			runOnlyForDeploymentPostprocessing = 0;
		};
		83D7BEB21C969A1D00E00955 /* Resources */ = {
			isa = PBXResourcesBuildPhase;
			buildActionMask = 2147483647;
			files = (
			);
			runOnlyForDeploymentPostprocessing = 0;
		};
/* End PBXResourcesBuildPhase section */

/* Begin PBXShellScriptBuildPhase section */
		0CF03EE105AB9B38EED2C86A /* Copy Pods Resources */ = {
			isa = PBXShellScriptBuildPhase;
			buildActionMask = 2147483647;
			files = (
			);
			inputPaths = (
			);
			name = "Copy Pods Resources";
			outputPaths = (
			);
			runOnlyForDeploymentPostprocessing = 0;
			shellPath = /bin/sh;
			shellScript = "\"${SRCROOT}/Pods/Target Support Files/Pods/Pods-resources.sh\"\n";
			showEnvVarsInLog = 0;
		};
		4102A0E7A71F4897642686EB /* Embed Pods Frameworks */ = {
			isa = PBXShellScriptBuildPhase;
			buildActionMask = 2147483647;
			files = (
			);
			inputPaths = (
			);
			name = "Embed Pods Frameworks";
			outputPaths = (
			);
			runOnlyForDeploymentPostprocessing = 0;
			shellPath = /bin/sh;
			shellScript = "\"${SRCROOT}/Pods/Target Support Files/Pods/Pods-frameworks.sh\"\n";
			showEnvVarsInLog = 0;
		};
		EAB1D02C58D6C789E0E8CD42 /* Check Pods Manifest.lock */ = {
			isa = PBXShellScriptBuildPhase;
			buildActionMask = 2147483647;
			files = (
			);
			inputPaths = (
			);
			name = "Check Pods Manifest.lock";
			outputPaths = (
			);
			runOnlyForDeploymentPostprocessing = 0;
			shellPath = /bin/sh;
			shellScript = "diff \"${PODS_ROOT}/../Podfile.lock\" \"${PODS_ROOT}/Manifest.lock\" > /dev/null\nif [[ $? != 0 ]] ; then\n    cat << EOM\nerror: The sandbox is not in sync with the Podfile.lock. Run 'pod install' or update your CocoaPods installation.\nEOM\n    exit 1\nfi\n";
			showEnvVarsInLog = 0;
		};
/* End PBXShellScriptBuildPhase section */

/* Begin PBXSourcesBuildPhase section */
		8339293C1CAE1065008A200A /* Sources */ = {
			isa = PBXSourcesBuildPhase;
			buildActionMask = 2147483647;
			files = (
			);
			runOnlyForDeploymentPostprocessing = 0;
		};
		833929471CAE1065008A200A /* Sources */ = {
			isa = PBXSourcesBuildPhase;
			buildActionMask = 2147483647;
			files = (
			);
			runOnlyForDeploymentPostprocessing = 0;
		};
		83D7BE8C1C969A1C00E00955 /* Sources */ = {
			isa = PBXSourcesBuildPhase;
			buildActionMask = 2147483647;
			files = (
				8310AB601CACD7EA00C32925 /* WBLocalEmotionModel.m in Sources */,
				83D0F3F61CA37CC6004415BD /* HZPhotoBrowserView.m in Sources */,
				83D0F3F91CA37CC6004415BD /* HZWaitingView.m in Sources */,
				83D0F4031CA3D758004415BD /* WBKeywordModel.m in Sources */,
				83529F8C1CA26E4B0052BD16 /* weiboTableView.m in Sources */,
				83529F931CA27B1A0052BD16 /* WBStatusModel.m in Sources */,
				834448441CA930540090196C /* weiboContentView.m in Sources */,
				83D0F3E71CA37B0D004415BD /* WBBottomView.m in Sources */,
				83529F9D1CA288E30052BD16 /* weiboTableViewCell.m in Sources */,
				8310AB5A1CACD5EA00C32925 /* WBEmotionManage.m in Sources */,
				83D7BEEE1C96A5E600E00955 /* UIView+ShortCut.m in Sources */,
				83D0F3F71CA37CC6004415BD /* HZPhotoGroup.m in Sources */,
				8310AB5D1CACD6E700C32925 /* WBEmotionsModel.m in Sources */,
				83D7BE9B1C969A1C00E00955 /* ViewController.m in Sources */,
				83BE5FAD1C9955B900A108D2 /* NSDate+TH.m in Sources */,
				83529F961CA27D350052BD16 /* WBUserModel.m in Sources */,
				83529F8F1CA278CF0052BD16 /* WBDataModel.m in Sources */,
				83BE5FB31C99581D00A108D2 /* userLoginViewController.m in Sources */,
				83D7BE981C969A1C00E00955 /* AppDelegate.m in Sources */,
				83FDEF521CABC73B007F52AB /* HZPhotoItemView.m in Sources */,
				83D0F3FD1CA3C5BD004415BD /* NSString+Size.m in Sources */,
				83D0F4001CA3C8FD004415BD /* WBParser.m in Sources */,
				83D0F3F51CA37CC6004415BD /* HZPhotoBrowser.m in Sources */,
				83D0F3E41CA37AFA004415BD /* WBHeadView.m in Sources */,
				83D0F3F81CA37CC6004415BD /* HZPhotoItem.m in Sources */,
				83BE5FA91C99513C00A108D2 /* wbSession.m in Sources */,
				83FDEF4B1CABB81E007F52AB /* photoTableViewController.m in Sources */,
				83FDEF4F1CABB9A5007F52AB /* phTableViewCell.m in Sources */,
				83D7BE951C969A1C00E00955 /* main.m in Sources */,
				83529F9A1CA2816A0052BD16 /* WBHomeCellViewModel.m in Sources */,
				83D7BEF91C97FFFE00E00955 /* weiboManage.m in Sources */,
				834448FE1CAA66470090196C /* UIImage+ShortCut.m in Sources */,
			);
			runOnlyForDeploymentPostprocessing = 0;
		};
		83D7BEA51C969A1D00E00955 /* Sources */ = {
			isa = PBXSourcesBuildPhase;
			buildActionMask = 2147483647;
			files = (
				83D7BEAE1C969A1D00E00955 /* TYDemoTests.m in Sources */,
			);
			runOnlyForDeploymentPostprocessing = 0;
		};
		83D7BEB01C969A1D00E00955 /* Sources */ = {
			isa = PBXSourcesBuildPhase;
			buildActionMask = 2147483647;
			files = (
				83D7BEB91C969A1D00E00955 /* TYDemoUITests.m in Sources */,
			);
			runOnlyForDeploymentPostprocessing = 0;
		};
/* End PBXSourcesBuildPhase section */

/* Begin PBXTargetDependency section */
		83D7BEAB1C969A1D00E00955 /* PBXTargetDependency */ = {
			isa = PBXTargetDependency;
			target = 83D7BE8F1C969A1C00E00955 /* TYDemo */;
			targetProxy = 83D7BEAA1C969A1D00E00955 /* PBXContainerItemProxy */;
		};
		83D7BEB61C969A1D00E00955 /* PBXTargetDependency */ = {
			isa = PBXTargetDependency;
			target = 83D7BE8F1C969A1C00E00955 /* TYDemo */;
			targetProxy = 83D7BEB51C969A1D00E00955 /* PBXContainerItemProxy */;
		};
/* End PBXTargetDependency section */

/* Begin PBXVariantGroup section */
		83D7BE9C1C969A1C00E00955 /* Main.storyboard */ = {
			isa = PBXVariantGroup;
			children = (
				83D7BE9D1C969A1C00E00955 /* Base */,
			);
			name = Main.storyboard;
			path = .;
			sourceTree = "<group>";
		};
		83D7BEA11C969A1C00E00955 /* LaunchScreen.storyboard */ = {
			isa = PBXVariantGroup;
			children = (
				83D7BEA21C969A1C00E00955 /* Base */,
			);
			name = LaunchScreen.storyboard;
			path = .;
			sourceTree = "<group>";
		};
/* End PBXVariantGroup section */

/* Begin XCBuildConfiguration section */
		833929541CAE1065008A200A /* Debug */ = {
			isa = XCBuildConfiguration;
			buildSettings = {
				BUNDLE_LOADER = "$(TEST_HOST)";
				INFOPLIST_FILE = MGZoweeSaleTests/Info.plist;
				LD_RUNPATH_SEARCH_PATHS = "$(inherited) @executable_path/Frameworks @loader_path/Frameworks";
				PRODUCT_BUNDLE_IDENTIFIER = i.e.com.zowee.MGZoweeSaleTests;
				PRODUCT_NAME = "$(TARGET_NAME)";
				TEST_HOST = "$(BUILT_PRODUCTS_DIR)/MGZoweeSale.app/MGZoweeSale";
			};
			name = Debug;
		};
		833929551CAE1065008A200A /* Release */ = {
			isa = XCBuildConfiguration;
			buildSettings = {
				BUNDLE_LOADER = "$(TEST_HOST)";
				INFOPLIST_FILE = MGZoweeSaleTests/Info.plist;
				LD_RUNPATH_SEARCH_PATHS = "$(inherited) @executable_path/Frameworks @loader_path/Frameworks";
				PRODUCT_BUNDLE_IDENTIFIER = i.e.com.zowee.MGZoweeSaleTests;
				PRODUCT_NAME = "$(TARGET_NAME)";
				TEST_HOST = "$(BUILT_PRODUCTS_DIR)/MGZoweeSale.app/MGZoweeSale";
			};
			name = Release;
		};
		833929561CAE1065008A200A /* Debug */ = {
			isa = XCBuildConfiguration;
			buildSettings = {
				INFOPLIST_FILE = MGZoweeSaleUITests/Info.plist;
				LD_RUNPATH_SEARCH_PATHS = "$(inherited) @executable_path/Frameworks @loader_path/Frameworks";
				PRODUCT_BUNDLE_IDENTIFIER = i.e.com.zowee.MGZoweeSaleUITests;
				PRODUCT_NAME = "$(TARGET_NAME)";
				TEST_TARGET_NAME = MGZoweeSale;
				USES_XCTRUNNER = YES;
			};
			name = Debug;
		};
		833929571CAE1065008A200A /* Release */ = {
			isa = XCBuildConfiguration;
			buildSettings = {
				INFOPLIST_FILE = MGZoweeSaleUITests/Info.plist;
				LD_RUNPATH_SEARCH_PATHS = "$(inherited) @executable_path/Frameworks @loader_path/Frameworks";
				PRODUCT_BUNDLE_IDENTIFIER = i.e.com.zowee.MGZoweeSaleUITests;
				PRODUCT_NAME = "$(TARGET_NAME)";
				TEST_TARGET_NAME = MGZoweeSale;
				USES_XCTRUNNER = YES;
			};
			name = Release;
		};
		83D7BEBB1C969A1D00E00955 /* Debug */ = {
			isa = XCBuildConfiguration;
			buildSettings = {
				ALWAYS_SEARCH_USER_PATHS = NO;
				CLANG_CXX_LANGUAGE_STANDARD = "gnu++0x";
				CLANG_CXX_LIBRARY = "libc++";
				CLANG_ENABLE_MODULES = YES;
				CLANG_ENABLE_OBJC_ARC = YES;
				CLANG_WARN_BOOL_CONVERSION = YES;
				CLANG_WARN_CONSTANT_CONVERSION = YES;
				CLANG_WARN_DIRECT_OBJC_ISA_USAGE = YES_ERROR;
				CLANG_WARN_EMPTY_BODY = YES;
				CLANG_WARN_ENUM_CONVERSION = YES;
				CLANG_WARN_INT_CONVERSION = YES;
				CLANG_WARN_OBJC_ROOT_CLASS = YES_ERROR;
				CLANG_WARN_UNREACHABLE_CODE = YES;
				CLANG_WARN__DUPLICATE_METHOD_MATCH = YES;
				"CODE_SIGN_IDENTITY[sdk=iphoneos*]" = "iPhone Developer";
				COPY_PHASE_STRIP = NO;
				DEBUG_INFORMATION_FORMAT = dwarf;
				ENABLE_STRICT_OBJC_MSGSEND = YES;
				ENABLE_TESTABILITY = YES;
				GCC_C_LANGUAGE_STANDARD = gnu99;
				GCC_DYNAMIC_NO_PIC = NO;
				GCC_NO_COMMON_BLOCKS = YES;
				GCC_OPTIMIZATION_LEVEL = 0;
				GCC_PREPROCESSOR_DEFINITIONS = (
					"DEBUG=1",
					"$(inherited)",
				);
				GCC_WARN_64_TO_32_BIT_CONVERSION = YES;
				GCC_WARN_ABOUT_RETURN_TYPE = YES_ERROR;
				GCC_WARN_UNDECLARED_SELECTOR = YES;
				GCC_WARN_UNINITIALIZED_AUTOS = YES_AGGRESSIVE;
				GCC_WARN_UNUSED_FUNCTION = YES;
				GCC_WARN_UNUSED_VARIABLE = YES;
				IPHONEOS_DEPLOYMENT_TARGET = 9.2;
				MTL_ENABLE_DEBUG_INFO = YES;
				ONLY_ACTIVE_ARCH = YES;
				SDKROOT = iphoneos;
			};
			name = Debug;
		};
		83D7BEBC1C969A1D00E00955 /* Release */ = {
			isa = XCBuildConfiguration;
			buildSettings = {
				ALWAYS_SEARCH_USER_PATHS = NO;
				CLANG_CXX_LANGUAGE_STANDARD = "gnu++0x";
				CLANG_CXX_LIBRARY = "libc++";
				CLANG_ENABLE_MODULES = YES;
				CLANG_ENABLE_OBJC_ARC = YES;
				CLANG_WARN_BOOL_CONVERSION = YES;
				CLANG_WARN_CONSTANT_CONVERSION = YES;
				CLANG_WARN_DIRECT_OBJC_ISA_USAGE = YES_ERROR;
				CLANG_WARN_EMPTY_BODY = YES;
				CLANG_WARN_ENUM_CONVERSION = YES;
				CLANG_WARN_INT_CONVERSION = YES;
				CLANG_WARN_OBJC_ROOT_CLASS = YES_ERROR;
				CLANG_WARN_UNREACHABLE_CODE = YES;
				CLANG_WARN__DUPLICATE_METHOD_MATCH = YES;
				"CODE_SIGN_IDENTITY[sdk=iphoneos*]" = "iPhone Developer";
				COPY_PHASE_STRIP = NO;
				DEBUG_INFORMATION_FORMAT = "dwarf-with-dsym";
				ENABLE_NS_ASSERTIONS = NO;
				ENABLE_STRICT_OBJC_MSGSEND = YES;
				GCC_C_LANGUAGE_STANDARD = gnu99;
				GCC_NO_COMMON_BLOCKS = YES;
				GCC_WARN_64_TO_32_BIT_CONVERSION = YES;
				GCC_WARN_ABOUT_RETURN_TYPE = YES_ERROR;
				GCC_WARN_UNDECLARED_SELECTOR = YES;
				GCC_WARN_UNINITIALIZED_AUTOS = YES_AGGRESSIVE;
				GCC_WARN_UNUSED_FUNCTION = YES;
				GCC_WARN_UNUSED_VARIABLE = YES;
				IPHONEOS_DEPLOYMENT_TARGET = 9.2;
				MTL_ENABLE_DEBUG_INFO = NO;
				SDKROOT = iphoneos;
				VALIDATE_PRODUCT = YES;
			};
			name = Release;
		};
		83D7BEBE1C969A1D00E00955 /* Debug */ = {
			isa = XCBuildConfiguration;
			baseConfigurationReference = BF298E2907F9C359C7B60518 /* Pods.debug.xcconfig */;
			buildSettings = {
				ASSETCATALOG_COMPILER_APPICON_NAME = AppIcon;
				ENABLE_BITCODE = NO;
				GCC_PREFIX_HEADER = "TYDemo/Supporting Files/WeiboSDKDemo.pch";
				INFOPLIST_FILE = "TYDemo/Supporting Files/Info.plist";
				IPHONEOS_DEPLOYMENT_TARGET = 8.0;
				LD_RUNPATH_SEARCH_PATHS = "$(inherited) @executable_path/Frameworks";
				PRODUCT_BUNDLE_IDENTIFIER = com.sina.weibo.SNWeiboSDKDemo;
				PRODUCT_NAME = "$(TARGET_NAME)";
			};
			name = Debug;
		};
		83D7BEBF1C969A1D00E00955 /* Release */ = {
			isa = XCBuildConfiguration;
			baseConfigurationReference = AD2C4EBC9F8746EFD1DC3E3B /* Pods.release.xcconfig */;
			buildSettings = {
				ASSETCATALOG_COMPILER_APPICON_NAME = AppIcon;
				ENABLE_BITCODE = NO;
				GCC_PREFIX_HEADER = "TYDemo/Supporting Files/WeiboSDKDemo.pch";
				INFOPLIST_FILE = "TYDemo/Supporting Files/Info.plist";
				IPHONEOS_DEPLOYMENT_TARGET = 8.0;
				LD_RUNPATH_SEARCH_PATHS = "$(inherited) @executable_path/Frameworks";
				PRODUCT_BUNDLE_IDENTIFIER = com.sina.weibo.SNWeiboSDKDemo;
				PRODUCT_NAME = "$(TARGET_NAME)";
			};
			name = Release;
		};
		83D7BEC11C969A1D00E00955 /* Debug */ = {
			isa = XCBuildConfiguration;
			buildSettings = {
				BUNDLE_LOADER = "$(TEST_HOST)";
				INFOPLIST_FILE = TYDemoTests/Info.plist;
				LD_RUNPATH_SEARCH_PATHS = "$(inherited) @executable_path/Frameworks @loader_path/Frameworks";
				PRODUCT_BUNDLE_IDENTIFIER = com.zowee.TYDemoTests;
				PRODUCT_NAME = "$(TARGET_NAME)";
				TEST_HOST = "$(BUILT_PRODUCTS_DIR)/TYDemo.app/TYDemo";
			};
			name = Debug;
		};
		83D7BEC21C969A1D00E00955 /* Release */ = {
			isa = XCBuildConfiguration;
			buildSettings = {
				BUNDLE_LOADER = "$(TEST_HOST)";
				INFOPLIST_FILE = TYDemoTests/Info.plist;
				LD_RUNPATH_SEARCH_PATHS = "$(inherited) @executable_path/Frameworks @loader_path/Frameworks";
				PRODUCT_BUNDLE_IDENTIFIER = com.zowee.TYDemoTests;
				PRODUCT_NAME = "$(TARGET_NAME)";
				TEST_HOST = "$(BUILT_PRODUCTS_DIR)/TYDemo.app/TYDemo";
			};
			name = Release;
		};
		83D7BEC41C969A1D00E00955 /* Debug */ = {
			isa = XCBuildConfiguration;
			buildSettings = {
				INFOPLIST_FILE = TYDemoUITests/Info.plist;
				LD_RUNPATH_SEARCH_PATHS = "$(inherited) @executable_path/Frameworks @loader_path/Frameworks";
				PRODUCT_BUNDLE_IDENTIFIER = com.zowee.TYDemoUITests;
				PRODUCT_NAME = "$(TARGET_NAME)";
				TEST_TARGET_NAME = TYDemo;
				USES_XCTRUNNER = YES;
			};
			name = Debug;
		};
		83D7BEC51C969A1D00E00955 /* Release */ = {
			isa = XCBuildConfiguration;
			buildSettings = {
				INFOPLIST_FILE = TYDemoUITests/Info.plist;
				LD_RUNPATH_SEARCH_PATHS = "$(inherited) @executable_path/Frameworks @loader_path/Frameworks";
				PRODUCT_BUNDLE_IDENTIFIER = com.zowee.TYDemoUITests;
				PRODUCT_NAME = "$(TARGET_NAME)";
				TEST_TARGET_NAME = TYDemo;
				USES_XCTRUNNER = YES;
			};
			name = Release;
		};
/* End XCBuildConfiguration section */

/* Begin XCConfigurationList section */
		833929591CAE1065008A200A /* Build configuration list for PBXNativeTarget "MGZoweeSaleTests" */ = {
			isa = XCConfigurationList;
			buildConfigurations = (
				833929541CAE1065008A200A /* Debug */,
				833929551CAE1065008A200A /* Release */,
			);
			defaultConfigurationIsVisible = 0;
		};
		8339295A1CAE1065008A200A /* Build configuration list for PBXNativeTarget "MGZoweeSaleUITests" */ = {
			isa = XCConfigurationList;
			buildConfigurations = (
				833929561CAE1065008A200A /* Debug */,
				833929571CAE1065008A200A /* Release */,
			);
			defaultConfigurationIsVisible = 0;
		};
		83D7BE8B1C969A1C00E00955 /* Build configuration list for PBXProject "TYDemo" */ = {
			isa = XCConfigurationList;
			buildConfigurations = (
				83D7BEBB1C969A1D00E00955 /* Debug */,
				83D7BEBC1C969A1D00E00955 /* Release */,
			);
			defaultConfigurationIsVisible = 0;
			defaultConfigurationName = Release;
		};
		83D7BEBD1C969A1D00E00955 /* Build configuration list for PBXNativeTarget "TYDemo" */ = {
			isa = XCConfigurationList;
			buildConfigurations = (
				83D7BEBE1C969A1D00E00955 /* Debug */,
				83D7BEBF1C969A1D00E00955 /* Release */,
			);
			defaultConfigurationIsVisible = 0;
			defaultConfigurationName = Release;
		};
		83D7BEC01C969A1D00E00955 /* Build configuration list for PBXNativeTarget "TYDemoTests" */ = {
			isa = XCConfigurationList;
			buildConfigurations = (
				83D7BEC11C969A1D00E00955 /* Debug */,
				83D7BEC21C969A1D00E00955 /* Release */,
			);
			defaultConfigurationIsVisible = 0;
			defaultConfigurationName = Release;
		};
		83D7BEC31C969A1D00E00955 /* Build configuration list for PBXNativeTarget "TYDemoUITests" */ = {
			isa = XCConfigurationList;
			buildConfigurations = (
				83D7BEC41C969A1D00E00955 /* Debug */,
				83D7BEC51C969A1D00E00955 /* Release */,
			);
			defaultConfigurationIsVisible = 0;
			defaultConfigurationName = Release;
		};
/* End XCConfigurationList section */
	};
	rootObject = 83D7BE881C969A1C00E00955 /* Project object */;
}
